// !$*UTF8*$!
{
	archiveVersion = 1;
	classes = {
	};
	objectVersion = 46;
	objects = {

/* Begin PBXBuildFile section */
		92828075172860C7004AAA13 /* UIKit.framework in Frameworks */ = {isa = PBXBuildFile; fileRef = 92828074172860C6004AAA13 /* UIKit.framework */; };
		92828077172860C7004AAA13 /* Foundation.framework in Frameworks */ = {isa = PBXBuildFile; fileRef = 92828076172860C7004AAA13 /* Foundation.framework */; };
		92828079172860C7004AAA13 /* CoreGraphics.framework in Frameworks */ = {isa = PBXBuildFile; fileRef = 92828078172860C7004AAA13 /* CoreGraphics.framework */; };
		9282807F172860C7004AAA13 /* InfoPlist.strings in Resources */ = {isa = PBXBuildFile; fileRef = 9282807D172860C7004AAA13 /* InfoPlist.strings */; };
		92828081172860C7004AAA13 /* main.m in Sources */ = {isa = PBXBuildFile; fileRef = 92828080172860C7004AAA13 /* main.m */; };
		92828085172860C7004AAA13 /* ACAppDelegate.m in Sources */ = {isa = PBXBuildFile; fileRef = 92828084172860C7004AAA13 /* ACAppDelegate.m */; };
		92828087172860C7004AAA13 /* Default.png in Resources */ = {isa = PBXBuildFile; fileRef = 92828086172860C7004AAA13 /* Default.png */; };
		92828089172860C7004AAA13 /* Default@2x.png in Resources */ = {isa = PBXBuildFile; fileRef = 92828088172860C7004AAA13 /* Default@2x.png */; };
		9282808B172860C7004AAA13 /* Default-568h@2x.png in Resources */ = {isa = PBXBuildFile; fileRef = 9282808A172860C7004AAA13 /* Default-568h@2x.png */; };
		9282808E172860C7004AAA13 /* MainStoryboard.storyboard in Resources */ = {isa = PBXBuildFile; fileRef = 9282808C172860C7004AAA13 /* MainStoryboard.storyboard */; };
		92828091172860C7004AAA13 /* ACViewController.m in Sources */ = {isa = PBXBuildFile; fileRef = 92828090172860C7004AAA13 /* ACViewController.m */; };
		928280A01728628B004AAA13 /* ACBounceAnimation.m in Sources */ = {isa = PBXBuildFile; fileRef = 9282809A1728628B004AAA13 /* ACBounceAnimation.m */; };
		928280A11728628B004AAA13 /* ACPopupBackgroundView.m in Sources */ = {isa = PBXBuildFile; fileRef = 9282809D1728628B004AAA13 /* ACPopupBackgroundView.m */; };
		928280A21728628B004AAA13 /* UIViewController+ACPopupViewController.m in Sources */ = {isa = PBXBuildFile; fileRef = 9282809F1728628B004AAA13 /* UIViewController+ACPopupViewController.m */; };
		928280AA17286498004AAA13 /* about_button@2x.png in Resources */ = {isa = PBXBuildFile; fileRef = 928280A517286498004AAA13 /* about_button@2x.png */; };
		928280AB17286498004AAA13 /* apps_button@2x.png in Resources */ = {isa = PBXBuildFile; fileRef = 928280A617286498004AAA13 /* apps_button@2x.png */; };
		928280AC17286498004AAA13 /* designs_button@2x.png in Resources */ = {isa = PBXBuildFile; fileRef = 928280A717286498004AAA13 /* designs_button@2x.png */; };
		928280AD17286498004AAA13 /* timeline_button@2x.png in Resources */ = {isa = PBXBuildFile; fileRef = 928280A817286498004AAA13 /* timeline_button@2x.png */; };
		928280AE17286498004AAA13 /* wwdc_button@2x.png in Resources */ = {isa = PBXBuildFile; fileRef = 928280A917286498004AAA13 /* wwdc_button@2x.png */; };
/* End PBXBuildFile section */

/* Begin PBXFileReference section */
		92828071172860C6004AAA13 /* Anthony.app */ = {isa = PBXFileReference; explicitFileType = wrapper.application; includeInIndex = 0; path = Anthony.app; sourceTree = BUILT_PRODUCTS_DIR; };
		92828074172860C6004AAA13 /* UIKit.framework */ = {isa = PBXFileReference; lastKnownFileType = wrapper.framework; name = UIKit.framework; path = System/Library/Frameworks/UIKit.framework; sourceTree = SDKROOT; };
		92828076172860C7004AAA13 /* Foundation.framework */ = {isa = PBXFileReference; lastKnownFileType = wrapper.framework; name = Foundation.framework; path = System/Library/Frameworks/Foundation.framework; sourceTree = SDKROOT; };
		92828078172860C7004AAA13 /* CoreGraphics.framework */ = {isa = PBXFileReference; lastKnownFileType = wrapper.framework; name = CoreGraphics.framework; path = System/Library/Frameworks/CoreGraphics.framework; sourceTree = SDKROOT; };
		9282807C172860C7004AAA13 /* Anthony-Info.plist */ = {isa = PBXFileReference; lastKnownFileType = text.plist.xml; path = "Anthony-Info.plist"; sourceTree = "<group>"; };
		9282807E172860C7004AAA13 /* en */ = {isa = PBXFileReference; lastKnownFileType = text.plist.strings; name = en; path = en.lproj/InfoPlist.strings; sourceTree = "<group>"; };
		92828080172860C7004AAA13 /* main.m */ = {isa = PBXFileReference; lastKnownFileType = sourcecode.c.objc; path = main.m; sourceTree = "<group>"; };
		92828082172860C7004AAA13 /* Anthony-Prefix.pch */ = {isa = PBXFileReference; lastKnownFileType = sourcecode.c.h; path = "Anthony-Prefix.pch"; sourceTree = "<group>"; };
		92828083172860C7004AAA13 /* ACAppDelegate.h */ = {isa = PBXFileReference; lastKnownFileType = sourcecode.c.h; path = ACAppDelegate.h; sourceTree = "<group>"; };
		92828084172860C7004AAA13 /* ACAppDelegate.m */ = {isa = PBXFileReference; lastKnownFileType = sourcecode.c.objc; path = ACAppDelegate.m; sourceTree = "<group>"; };
		92828086172860C7004AAA13 /* Default.png */ = {isa = PBXFileReference; lastKnownFileType = image.png; path = Default.png; sourceTree = "<group>"; };
		92828088172860C7004AAA13 /* Default@2x.png */ = {isa = PBXFileReference; lastKnownFileType = image.png; path = "Default@2x.png"; sourceTree = "<group>"; };
		9282808A172860C7004AAA13 /* Default-568h@2x.png */ = {isa = PBXFileReference; lastKnownFileType = image.png; path = "Default-568h@2x.png"; sourceTree = "<group>"; };
		9282808D172860C7004AAA13 /* en */ = {isa = PBXFileReference; lastKnownFileType = file.storyboard; name = en; path = en.lproj/MainStoryboard.storyboard; sourceTree = "<group>"; };
		9282808F172860C7004AAA13 /* ACViewController.h */ = {isa = PBXFileReference; lastKnownFileType = sourcecode.c.h; path = ACViewController.h; sourceTree = "<group>"; };
		92828090172860C7004AAA13 /* ACViewController.m */ = {isa = PBXFileReference; lastKnownFileType = sourcecode.c.objc; path = ACViewController.m; sourceTree = "<group>"; };
		928280991728628B004AAA13 /* ACBounceAnimation.h */ = {isa = PBXFileReference; fileEncoding = 4; lastKnownFileType = sourcecode.c.h; path = ACBounceAnimation.h; sourceTree = "<group>"; };
		9282809A1728628B004AAA13 /* ACBounceAnimation.m */ = {isa = PBXFileReference; fileEncoding = 4; lastKnownFileType = sourcecode.c.objc; path = ACBounceAnimation.m; sourceTree = "<group>"; };
		9282809C1728628B004AAA13 /* ACPopupBackgroundView.h */ = {isa = PBXFileReference; fileEncoding = 4; lastKnownFileType = sourcecode.c.h; path = ACPopupBackgroundView.h; sourceTree = "<group>"; };
		9282809D1728628B004AAA13 /* ACPopupBackgroundView.m */ = {isa = PBXFileReference; fileEncoding = 4; lastKnownFileType = sourcecode.c.objc; path = ACPopupBackgroundView.m; sourceTree = "<group>"; };
		9282809E1728628B004AAA13 /* UIViewController+ACPopupViewController.h */ = {isa = PBXFileReference; fileEncoding = 4; lastKnownFileType = sourcecode.c.h; path = "UIViewController+ACPopupViewController.h"; sourceTree = "<group>"; };
		9282809F1728628B004AAA13 /* UIViewController+ACPopupViewController.m */ = {isa = PBXFileReference; fileEncoding = 4; lastKnownFileType = sourcecode.c.objc; path = "UIViewController+ACPopupViewController.m"; sourceTree = "<group>"; };
		928280A517286498004AAA13 /* about_button@2x.png */ = {isa = PBXFileReference; lastKnownFileType = image.png; path = "about_button@2x.png"; sourceTree = "<group>"; };
		928280A617286498004AAA13 /* apps_button@2x.png */ = {isa = PBXFileReference; lastKnownFileType = image.png; path = "apps_button@2x.png"; sourceTree = "<group>"; };
		928280A717286498004AAA13 /* designs_button@2x.png */ = {isa = PBXFileReference; lastKnownFileType = image.png; path = "designs_button@2x.png"; sourceTree = "<group>"; };
		928280A817286498004AAA13 /* timeline_button@2x.png */ = {isa = PBXFileReference; lastKnownFileType = image.png; path = "timeline_button@2x.png"; sourceTree = "<group>"; };
		928280A917286498004AAA13 /* wwdc_button@2x.png */ = {isa = PBXFileReference; lastKnownFileType = image.png; path = "wwdc_button@2x.png"; sourceTree = "<group>"; };
/* End PBXFileReference section */

/* Begin PBXFrameworksBuildPhase section */
		9282806E172860C6004AAA13 /* Frameworks */ = {
			isa = PBXFrameworksBuildPhase;
			buildActionMask = 2147483647;
			files = (
				92828075172860C7004AAA13 /* UIKit.framework in Frameworks */,
				92828077172860C7004AAA13 /* Foundation.framework in Frameworks */,
				92828079172860C7004AAA13 /* CoreGraphics.framework in Frameworks */,
			);
			runOnlyForDeploymentPostprocessing = 0;
		};
/* End PBXFrameworksBuildPhase section */

/* Begin PBXGroup section */
		92828068172860C6004AAA13 = {
			isa = PBXGroup;
			children = (
				9282807A172860C7004AAA13 /* Anthony */,
				92828073172860C6004AAA13 /* Frameworks */,
				92828072172860C6004AAA13 /* Products */,
			);
			sourceTree = "<group>";
		};
		92828072172860C6004AAA13 /* Products */ = {
			isa = PBXGroup;
			children = (
				92828071172860C6004AAA13 /* Anthony.app */,
			);
			name = Products;
			sourceTree = "<group>";
		};
		92828073172860C6004AAA13 /* Frameworks */ = {
			isa = PBXGroup;
			children = (
				92828074172860C6004AAA13 /* UIKit.framework */,
				92828076172860C7004AAA13 /* Foundation.framework */,
				92828078172860C7004AAA13 /* CoreGraphics.framework */,
			);
			name = Frameworks;
			sourceTree = "<group>";
		};
		9282807A172860C7004AAA13 /* Anthony */ = {
			isa = PBXGroup;
			children = (
				92828083172860C7004AAA13 /* ACAppDelegate.h */,
				92828084172860C7004AAA13 /* ACAppDelegate.m */,
				9282808C172860C7004AAA13 /* MainStoryboard.storyboard */,
				9282808F172860C7004AAA13 /* ACViewController.h */,
				92828090172860C7004AAA13 /* ACViewController.m */,
				928280971728628B004AAA13 /* Internal Classes */,
				9282807B172860C7004AAA13 /* Supporting Files */,
			);
			path = Anthony;
			sourceTree = "<group>";
		};
		9282807B172860C7004AAA13 /* Supporting Files */ = {
			isa = PBXGroup;
			children = (
				928280A317286498004AAA13 /* Resources */,
				9282807C172860C7004AAA13 /* Anthony-Info.plist */,
				9282807D172860C7004AAA13 /* InfoPlist.strings */,
				92828080172860C7004AAA13 /* main.m */,
				92828082172860C7004AAA13 /* Anthony-Prefix.pch */,
				92828086172860C7004AAA13 /* Default.png */,
				92828088172860C7004AAA13 /* Default@2x.png */,
				9282808A172860C7004AAA13 /* Default-568h@2x.png */,
			);
			name = "Supporting Files";
			sourceTree = "<group>";
		};
		928280971728628B004AAA13 /* Internal Classes */ = {
			isa = PBXGroup;
			children = (
				928280981728628B004AAA13 /* ACBounceAnimation */,
				9282809B1728628B004AAA13 /* ACPopupViewController */,
			);
			path = "Internal Classes";
			sourceTree = "<group>";
		};
		928280981728628B004AAA13 /* ACBounceAnimation */ = {
			isa = PBXGroup;
			children = (
				928280991728628B004AAA13 /* ACBounceAnimation.h */,
				9282809A1728628B004AAA13 /* ACBounceAnimation.m */,
			);
			path = ACBounceAnimation;
			sourceTree = "<group>";
		};
		9282809B1728628B004AAA13 /* ACPopupViewController */ = {
			isa = PBXGroup;
			children = (
				9282809C1728628B004AAA13 /* ACPopupBackgroundView.h */,
				9282809D1728628B004AAA13 /* ACPopupBackgroundView.m */,
				9282809E1728628B004AAA13 /* UIViewController+ACPopupViewController.h */,
				9282809F1728628B004AAA13 /* UIViewController+ACPopupViewController.m */,
			);
			path = ACPopupViewController;
			sourceTree = "<group>";
		};
		928280A317286498004AAA13 /* Resources */ = {
			isa = PBXGroup;
			children = (
				928280A417286498004AAA13 /* Images */,
			);
			path = Resources;
			sourceTree = "<group>";
		};
		928280A417286498004AAA13 /* Images */ = {
			isa = PBXGroup;
			children = (
				928280A517286498004AAA13 /* about_button@2x.png */,
				928280A617286498004AAA13 /* apps_button@2x.png */,
				928280A717286498004AAA13 /* designs_button@2x.png */,
				928280A817286498004AAA13 /* timeline_button@2x.png */,
				928280A917286498004AAA13 /* wwdc_button@2x.png */,
			);
			path = Images;
			sourceTree = "<group>";
		};
/* End PBXGroup section */

/* Begin PBXNativeTarget section */
		92828070172860C6004AAA13 /* Anthony */ = {
			isa = PBXNativeTarget;
			buildConfigurationList = 92828094172860C7004AAA13 /* Build configuration list for PBXNativeTarget "Anthony" */;
			buildPhases = (
				9282806D172860C6004AAA13 /* Sources */,
				9282806E172860C6004AAA13 /* Frameworks */,
				9282806F172860C6004AAA13 /* Resources */,
			);
			buildRules = (
			);
			dependencies = (
			);
			name = Anthony;
			productName = Anthony;
			productReference = 92828071172860C6004AAA13 /* Anthony.app */;
			productType = "com.apple.product-type.application";
		};
/* End PBXNativeTarget section */

/* Begin PBXProject section */
		92828069172860C6004AAA13 /* Project object */ = {
			isa = PBXProject;
			attributes = {
				CLASSPREFIX = AC;
				LastUpgradeCheck = 0460;
				ORGANIZATIONNAME = Emerys;
			};
			buildConfigurationList = 9282806C172860C6004AAA13 /* Build configuration list for PBXProject "Anthony" */;
			compatibilityVersion = "Xcode 3.2";
			developmentRegion = English;
			hasScannedForEncodings = 0;
			knownRegions = (
				en,
			);
			mainGroup = 92828068172860C6004AAA13;
			productRefGroup = 92828072172860C6004AAA13 /* Products */;
			projectDirPath = "";
			projectRoot = "";
			targets = (
				92828070172860C6004AAA13 /* Anthony */,
			);
		};
/* End PBXProject section */

/* Begin PBXResourcesBuildPhase section */
		9282806F172860C6004AAA13 /* Resources */ = {
			isa = PBXResourcesBuildPhase;
			buildActionMask = 2147483647;
			files = (
				9282807F172860C7004AAA13 /* InfoPlist.strings in Resources */,
				92828087172860C7004AAA13 /* Default.png in Resources */,
				92828089172860C7004AAA13 /* Default@2x.png in Resources */,
				9282808B172860C7004AAA13 /* Default-568h@2x.png in Resources */,
				9282808E172860C7004AAA13 /* MainStoryboard.storyboard in Resources */,
				928280AA17286498004AAA13 /* about_button@2x.png in Resources */,
				928280AB17286498004AAA13 /* apps_button@2x.png in Resources */,
				928280AC17286498004AAA13 /* designs_button@2x.png in Resources */,
				928280AD17286498004AAA13 /* timeline_button@2x.png in Resources */,
				928280AE17286498004AAA13 /* wwdc_button@2x.png in Resources */,
			);
			runOnlyForDeploymentPostprocessing = 0;
		};
/* End PBXResourcesBuildPhase section */

/* Begin PBXSourcesBuildPhase section */
		9282806D172860C6004AAA13 /* Sources */ = {
			isa = PBXSourcesBuildPhase;
			buildActionMask = 2147483647;
			files = (
				92828081172860C7004AAA13 /* main.m in Sources */,
				92828085172860C7004AAA13 /* ACAppDelegate.m in Sources */,
				92828091172860C7004AAA13 /* ACViewController.m in Sources */,
				928280A01728628B004AAA13 /* ACBounceAnimation.m in Sources */,
				928280A11728628B004AAA13 /* ACPopupBackgroundView.m in Sources */,
				928280A21728628B004AAA13 /* UIViewController+ACPopupViewController.m in Sources */,
			);
			runOnlyForDeploymentPostprocessing = 0;
		};
/* End PBXSourcesBuildPhase section */

/* Begin PBXVariantGroup section */
		9282807D172860C7004AAA13 /* InfoPlist.strings */ = {
			isa = PBXVariantGroup;
			children = (
				9282807E172860C7004AAA13 /* en */,
			);
			name = InfoPlist.strings;
			sourceTree = "<group>";
		};
		9282808C172860C7004AAA13 /* MainStoryboard.storyboard */ = {
			isa = PBXVariantGroup;
			children = (
				9282808D172860C7004AAA13 /* en */,
			);
			name = MainStoryboard.storyboard;
			sourceTree = "<group>";
		};
/* End PBXVariantGroup section */

/* Begin XCBuildConfiguration section */
		92828092172860C7004AAA13 /* Debug */ = {
			isa = XCBuildConfiguration;
			buildSettings = {
				ALWAYS_SEARCH_USER_PATHS = NO;
				CLANG_CXX_LANGUAGE_STANDARD = "gnu++0x";
				CLANG_CXX_LIBRARY = "libc++";
				CLANG_ENABLE_OBJC_ARC = YES;
				CLANG_WARN_CONSTANT_CONVERSION = YES;
				CLANG_WARN_EMPTY_BODY = YES;
				CLANG_WARN_ENUM_CONVERSION = YES;
				CLANG_WARN_INT_CONVERSION = YES;
				CLANG_WARN__DUPLICATE_METHOD_MATCH = YES;
				"CODE_SIGN_IDENTITY[sdk=iphoneos*]" = "iPhone Developer";
				COPY_PHASE_STRIP = NO;
				GCC_C_LANGUAGE_STANDARD = gnu99;
				GCC_DYNAMIC_NO_PIC = NO;
				GCC_OPTIMIZATION_LEVEL = 0;
				GCC_PREPROCESSOR_DEFINITIONS = (
					"DEBUG=1",
					"$(inherited)",
				);
				GCC_SYMBOLS_PRIVATE_EXTERN = NO;
				GCC_WARN_ABOUT_RETURN_TYPE = YES;
				GCC_WARN_UNINITIALIZED_AUTOS = YES;
				GCC_WARN_UNUSED_VARIABLE = YES;
				IPHONEOS_DEPLOYMENT_TARGET = 6.1;
				ONLY_ACTIVE_ARCH = YES;
				SDKROOT = iphoneos;
			};
			name = Debug;
		};
		92828093172860C7004AAA13 /* Release */ = {
			isa = XCBuildConfiguration;
			buildSettings = {
				ALWAYS_SEARCH_USER_PATHS = NO;
				CLANG_CXX_LANGUAGE_STANDARD = "gnu++0x";
				CLANG_CXX_LIBRARY = "libc++";
				CLANG_ENABLE_OBJC_ARC = YES;
				CLANG_WARN_CONSTANT_CONVERSION = YES;
				CLANG_WARN_EMPTY_BODY = YES;
				CLANG_WARN_ENUM_CONVERSION = YES;
				CLANG_WARN_INT_CONVERSION = YES;
				CLANG_WARN__DUPLICATE_METHOD_MATCH = YES;
				"CODE_SIGN_IDENTITY[sdk=iphoneos*]" = "iPhone Developer";
				COPY_PHASE_STRIP = YES;
				GCC_C_LANGUAGE_STANDARD = gnu99;
				GCC_WARN_ABOUT_RETURN_TYPE = YES;
				GCC_WARN_UNINITIALIZED_AUTOS = YES;
				GCC_WARN_UNUSED_VARIABLE = YES;
				IPHONEOS_DEPLOYMENT_TARGET = 6.1;
				OTHER_CFLAGS = "-DNS_BLOCK_ASSERTIONS=1";
				SDKROOT = iphoneos;
				VALIDATE_PRODUCT = YES;
			};
			name = Release;
		};
		92828095172860C7004AAA13 /* Debug */ = {
			isa = XCBuildConfiguration;
			buildSettings = {
				GCC_PRECOMPILE_PREFIX_HEADER = YES;
				GCC_PREFIX_HEADER = "Anthony/Anthony-Prefix.pch";
				INFOPLIST_FILE = "Anthony/Anthony-Info.plist";
				PRODUCT_NAME = "$(TARGET_NAME)";
				WRAPPER_EXTENSION = app;
			};
			name = Debug;
		};
		92828096172860C7004AAA13 /* Release */ = {
			isa = XCBuildConfiguration;
			buildSettings = {
				GCC_PRECOMPILE_PREFIX_HEADER = YES;
				GCC_PREFIX_HEADER = "Anthony/Anthony-Prefix.pch";
				INFOPLIST_FILE = "Anthony/Anthony-Info.plist";
				PRODUCT_NAME = "$(TARGET_NAME)";
				WRAPPER_EXTENSION = app;
			};
			name = Release;
		};
/* End XCBuildConfiguration section */

/* Begin XCConfigurationList section */
		9282806C172860C6004AAA13 /* Build configuration list for PBXProject "Anthony" */ = {
			isa = XCConfigurationList;
			buildConfigurations = (
				92828092172860C7004AAA13 /* Debug */,
				92828093172860C7004AAA13 /* Release */,
			);
			defaultConfigurationIsVisible = 0;
			defaultConfigurationName = Release;
		};
		92828094172860C7004AAA13 /* Build configuration list for PBXNativeTarget "Anthony" */ = {
			isa = XCConfigurationList;
			buildConfigurations = (
				92828095172860C7004AAA13 /* Debug */,
				92828096172860C7004AAA13 /* Release */,
			);
			defaultConfigurationIsVisible = 0;
		};
/* End XCConfigurationList section */
	};
	rootObject = 92828069172860C6004AAA13 /* Project object */;
}
