// !$*UTF8*$!
{
	archiveVersion = 1;
	classes = {
	};
	objectVersion = 46;
	objects = {

/* Begin PBXBuildFile section */
		92011B2F172EDC7A00FDCB9C /* wwdc@2x.png in Resources */ = {isa = PBXBuildFile; fileRef = 92011B2E172EDC7A00FDCB9C /* wwdc@2x.png */; };
		925E1E371729EE1F008B81E3 /* ACTimelineCell.m in Sources */ = {isa = PBXBuildFile; fileRef = 925E1E361729EE1F008B81E3 /* ACTimelineCell.m */; };
		925E1E5A172A0DBA008B81E3 /* CoreImage.framework in Frameworks */ = {isa = PBXBuildFile; fileRef = 925E1E58172A0DB9008B81E3 /* CoreImage.framework */; };
		925E1E5B172A0DBA008B81E3 /* ImageIO.framework in Frameworks */ = {isa = PBXBuildFile; fileRef = 925E1E59172A0DB9008B81E3 /* ImageIO.framework */; };
		925E1E6D172A18BE008B81E3 /* ACAppsViewController.m in Sources */ = {isa = PBXBuildFile; fileRef = 925E1E6C172A18BE008B81E3 /* ACAppsViewController.m */; };
		925E1E7A172A4C1D008B81E3 /* ACWeatherViewController.m in Sources */ = {isa = PBXBuildFile; fileRef = 925E1E79172A4C1D008B81E3 /* ACWeatherViewController.m */; };
		925E1E7D172A4C7B008B81E3 /* ACCurrentCell.m in Sources */ = {isa = PBXBuildFile; fileRef = 925E1E7C172A4C7B008B81E3 /* ACCurrentCell.m */; };
		925E1E80172A4C8D008B81E3 /* ACForecastCell.m in Sources */ = {isa = PBXBuildFile; fileRef = 925E1E7F172A4C8D008B81E3 /* ACForecastCell.m */; };
		925E1E82172A4E82008B81E3 /* AddressBook.framework in Frameworks */ = {isa = PBXBuildFile; fileRef = 925E1E81172A4E82008B81E3 /* AddressBook.framework */; };
		925E1E84172A4E87008B81E3 /* CoreLocation.framework in Frameworks */ = {isa = PBXBuildFile; fileRef = 925E1E83172A4E86008B81E3 /* CoreLocation.framework */; };
		925E1EB9172AD6A0008B81E3 /* ACWeather.m in Sources */ = {isa = PBXBuildFile; fileRef = 925E1EB8172AD6A0008B81E3 /* ACWeather.m */; };
		925E1EBF172AE85A008B81E3 /* CLPlacemark+ACExtentions.m in Sources */ = {isa = PBXBuildFile; fileRef = 925E1EBE172AE85A008B81E3 /* CLPlacemark+ACExtentions.m */; };
		925E1F59172B78D7008B81E3 /* ACFlashlightViewController.m in Sources */ = {isa = PBXBuildFile; fileRef = 925E1F58172B78D7008B81E3 /* ACFlashlightViewController.m */; };
		925E1F7B172C40B7008B81E3 /* Alert.m in Sources */ = {isa = PBXBuildFile; fileRef = 925E1F6C172C40B7008B81E3 /* Alert.m */; };
		925E1F7C172C40B7008B81E3 /* Datum.m in Sources */ = {isa = PBXBuildFile; fileRef = 925E1F6E172C40B7008B81E3 /* Datum.m */; };
		925E1F7D172C40B7008B81E3 /* Weather.m in Sources */ = {isa = PBXBuildFile; fileRef = 925E1F70172C40B7008B81E3 /* Weather.m */; };
		925E1F7E172C40B7008B81E3 /* WeatherCurrently.m in Sources */ = {isa = PBXBuildFile; fileRef = 925E1F72172C40B7008B81E3 /* WeatherCurrently.m */; };
		925E1F7F172C40B7008B81E3 /* WeatherDaily.m in Sources */ = {isa = PBXBuildFile; fileRef = 925E1F74172C40B7008B81E3 /* WeatherDaily.m */; };
		925E1F80172C40B7008B81E3 /* WeatherFlags.m in Sources */ = {isa = PBXBuildFile; fileRef = 925E1F76172C40B7008B81E3 /* WeatherFlags.m */; };
		925E1F81172C40B7008B81E3 /* WeatherHourly.m in Sources */ = {isa = PBXBuildFile; fileRef = 925E1F78172C40B7008B81E3 /* WeatherHourly.m */; };
		925E1F82172C40B7008B81E3 /* WeatherMinutely.m in Sources */ = {isa = PBXBuildFile; fileRef = 925E1F7A172C40B7008B81E3 /* WeatherMinutely.m */; };
		925E1F86172C4A59008B81E3 /* ACTorch.m in Sources */ = {isa = PBXBuildFile; fileRef = 925E1F85172C4A59008B81E3 /* ACTorch.m */; };
		925E1F88172C8E62008B81E3 /* AVFoundation.framework in Frameworks */ = {isa = PBXBuildFile; fileRef = 925E1F87172C8E61008B81E3 /* AVFoundation.framework */; };
		92732F69172CA31B00806645 /* ACDesignsViewController.m in Sources */ = {isa = PBXBuildFile; fileRef = 92732F68172CA31B00806645 /* ACDesignsViewController.m */; };
		92732F6D172CFAB600806645 /* ACDesignsCell.m in Sources */ = {isa = PBXBuildFile; fileRef = 92732F6C172CFAB600806645 /* ACDesignsCell.m */; };
		92732FBC172DCF4500806645 /* ACWWDCViewController.m in Sources */ = {isa = PBXBuildFile; fileRef = 92732FBB172DCF4500806645 /* ACWWDCViewController.m */; };
		92733015172E0BA600806645 /* about_anthony@2x.png in Resources */ = {isa = PBXBuildFile; fileRef = 92732FC4172E0BA600806645 /* about_anthony@2x.png */; };
		92733016172E0BA600806645 /* about_back_button_highlighted@2x.png in Resources */ = {isa = PBXBuildFile; fileRef = 92732FC5172E0BA600806645 /* about_back_button_highlighted@2x.png */; };
		92733017172E0BA600806645 /* about_back_button_normal@2x.png in Resources */ = {isa = PBXBuildFile; fileRef = 92732FC6172E0BA600806645 /* about_back_button_normal@2x.png */; };
		92733018172E0BA600806645 /* about_background@2x.png in Resources */ = {isa = PBXBuildFile; fileRef = 92732FC7172E0BA600806645 /* about_background@2x.png */; };
		92733019172E0BA600806645 /* about_navbar@2x.png in Resources */ = {isa = PBXBuildFile; fileRef = 92732FC8172E0BA600806645 /* about_navbar@2x.png */; };
		9273301A172E0BA600806645 /* appdotnet@2x.png in Resources */ = {isa = PBXBuildFile; fileRef = 92732FC9172E0BA600806645 /* appdotnet@2x.png */; };
		9273301B172E0BA600806645 /* dribbble@2x.png in Resources */ = {isa = PBXBuildFile; fileRef = 92732FCA172E0BA600806645 /* dribbble@2x.png */; };
		9273301C172E0BA600806645 /* email@2x.png in Resources */ = {isa = PBXBuildFile; fileRef = 92732FCB172E0BA600806645 /* email@2x.png */; };
		9273301D172E0BA600806645 /* emerys@2x.png in Resources */ = {isa = PBXBuildFile; fileRef = 92732FCC172E0BA600806645 /* emerys@2x.png */; };
		9273301E172E0BA600806645 /* github@2x.png in Resources */ = {isa = PBXBuildFile; fileRef = 92732FCD172E0BA600806645 /* github@2x.png */; };
		9273301F172E0BA600806645 /* twitter@2x.png in Resources */ = {isa = PBXBuildFile; fileRef = 92732FCE172E0BA600806645 /* twitter@2x.png */; };
		92733020172E0BA600806645 /* apps@2x.png in Resources */ = {isa = PBXBuildFile; fileRef = 92732FD0172E0BA600806645 /* apps@2x.png */; };
		92733021172E0BA600806645 /* apps_flashlight@2x.png in Resources */ = {isa = PBXBuildFile; fileRef = 92732FD1172E0BA600806645 /* apps_flashlight@2x.png */; };
		92733022172E0BA600806645 /* apps_weather@2x.png in Resources */ = {isa = PBXBuildFile; fileRef = 92732FD2172E0BA600806645 /* apps_weather@2x.png */; };
		92733023172E0BA600806645 /* Default-568h@2x.png in Resources */ = {isa = PBXBuildFile; fileRef = 92732FD4172E0BA600806645 /* Default-568h@2x.png */; };
		92733024172E0BA600806645 /* Default.png in Resources */ = {isa = PBXBuildFile; fileRef = 92732FD5172E0BA600806645 /* Default.png */; };
		92733025172E0BA600806645 /* Default@2x.png in Resources */ = {isa = PBXBuildFile; fileRef = 92732FD6172E0BA600806645 /* Default@2x.png */; };
		92733026172E0BA600806645 /* designs@2x.png in Resources */ = {isa = PBXBuildFile; fileRef = 92732FD8172E0BA600806645 /* designs@2x.png */; };
		92733027172E0BA600806645 /* designs_cumulus@2x.png in Resources */ = {isa = PBXBuildFile; fileRef = 92732FD9172E0BA600806645 /* designs_cumulus@2x.png */; };
		92733028172E0BA600806645 /* designs_luminous@2x.png in Resources */ = {isa = PBXBuildFile; fileRef = 92732FDA172E0BA600806645 /* designs_luminous@2x.png */; };
		92733029172E0BA600806645 /* designs_macbook_pro@2x.png in Resources */ = {isa = PBXBuildFile; fileRef = 92732FDB172E0BA600806645 /* designs_macbook_pro@2x.png */; };
		9273302A172E0BA600806645 /* designs_mail@2x.png in Resources */ = {isa = PBXBuildFile; fileRef = 92732FDC172E0BA600806645 /* designs_mail@2x.png */; };
		9273302B172E0BA600806645 /* designs_music_icon@2x.png in Resources */ = {isa = PBXBuildFile; fileRef = 92732FDD172E0BA600806645 /* designs_music_icon@2x.png */; };
		9273302C172E0BA600806645 /* designs_preview_border@2x.png in Resources */ = {isa = PBXBuildFile; fileRef = 92732FDE172E0BA600806645 /* designs_preview_border@2x.png */; };
		9273302D172E0BA600806645 /* designs_vegemite@2x.png in Resources */ = {isa = PBXBuildFile; fileRef = 92732FDF172E0BA600806645 /* designs_vegemite@2x.png */; };
		9273302E172E0BA600806645 /* flashlight@2x.png in Resources */ = {isa = PBXBuildFile; fileRef = 92732FE1172E0BA600806645 /* flashlight@2x.png */; };
		9273302F172E0BA600806645 /* flashlight_torch_button_off@2x.png in Resources */ = {isa = PBXBuildFile; fileRef = 92732FE2172E0BA600806645 /* flashlight_torch_button_off@2x.png */; };
		92733030172E0BA600806645 /* flashlight_torch_button_on@2x.png in Resources */ = {isa = PBXBuildFile; fileRef = 92732FE3172E0BA600806645 /* flashlight_torch_button_on@2x.png */; };
		92733031172E0BA600806645 /* flashlight_torch_ring_one@2x.png in Resources */ = {isa = PBXBuildFile; fileRef = 92732FE4172E0BA600806645 /* flashlight_torch_ring_one@2x.png */; };
		92733032172E0BA600806645 /* flashlight_torch_ring_three@2x.png in Resources */ = {isa = PBXBuildFile; fileRef = 92732FE5172E0BA600806645 /* flashlight_torch_ring_three@2x.png */; };
		92733033172E0BA600806645 /* flashlight_torch_ring_two@2x.png in Resources */ = {isa = PBXBuildFile; fileRef = 92732FE6172E0BA600806645 /* flashlight_torch_ring_two@2x.png */; };
		92733034172E0BA600806645 /* icon@2x.png in Resources */ = {isa = PBXBuildFile; fileRef = 92732FE8172E0BA600806645 /* icon@2x.png */; };
		92733035172E0BA600806645 /* about_button@2x.png in Resources */ = {isa = PBXBuildFile; fileRef = 92732FEA172E0BA600806645 /* about_button@2x.png */; };
		92733036172E0BA600806645 /* apps_button@2x.png in Resources */ = {isa = PBXBuildFile; fileRef = 92732FEB172E0BA600806645 /* apps_button@2x.png */; };
		92733037172E0BA600806645 /* designs_button@2x.png in Resources */ = {isa = PBXBuildFile; fileRef = 92732FEC172E0BA600806645 /* designs_button@2x.png */; };
		92733038172E0BA600806645 /* timeline_button@2x.png in Resources */ = {isa = PBXBuildFile; fileRef = 92732FED172E0BA600806645 /* timeline_button@2x.png */; };
		92733039172E0BA600806645 /* wwdc_button@2x.png in Resources */ = {isa = PBXBuildFile; fileRef = 92732FEE172E0BA600806645 /* wwdc_button@2x.png */; };
		9273303A172E0BA600806645 /* timeline@2x.png in Resources */ = {isa = PBXBuildFile; fileRef = 92732FF0172E0BA600806645 /* timeline@2x.png */; };
		9273303B172E0BA600806645 /* timelines_background@2x.png in Resources */ = {isa = PBXBuildFile; fileRef = 92732FF1172E0BA600806645 /* timelines_background@2x.png */; };
		9273303C172E0BA600806645 /* timelines_dimonds@2x.png in Resources */ = {isa = PBXBuildFile; fileRef = 92732FF2172E0BA600806645 /* timelines_dimonds@2x.png */; };
		9273303D172E0BA600806645 /* timelines_info@2x.png in Resources */ = {isa = PBXBuildFile; fileRef = 92732FF3172E0BA600806645 /* timelines_info@2x.png */; };
		9273303E172E0BA600806645 /* timelines_lines@2x.png in Resources */ = {isa = PBXBuildFile; fileRef = 92732FF4172E0BA600806645 /* timelines_lines@2x.png */; };
		9273303F172E0BA600806645 /* timelines_types@2x.png in Resources */ = {isa = PBXBuildFile; fileRef = 92732FF5172E0BA600806645 /* timelines_types@2x.png */; };
		92733040172E0BA600806645 /* weather@2x.png in Resources */ = {isa = PBXBuildFile; fileRef = 92732FF7172E0BA600806645 /* weather@2x.png */; };
		92733041172E0BA600806645 /* weather_clear@2x.png in Resources */ = {isa = PBXBuildFile; fileRef = 92732FF8172E0BA600806645 /* weather_clear@2x.png */; };
		92733042172E0BA600806645 /* weather_clear_night@2x.png in Resources */ = {isa = PBXBuildFile; fileRef = 92732FF9172E0BA600806645 /* weather_clear_night@2x.png */; };
		92733043172E0BA600806645 /* weather_clear_night_small@2x.png in Resources */ = {isa = PBXBuildFile; fileRef = 92732FFA172E0BA600806645 /* weather_clear_night_small@2x.png */; };
		92733044172E0BA600806645 /* weather_clear_small@2x.png in Resources */ = {isa = PBXBuildFile; fileRef = 92732FFB172E0BA600806645 /* weather_clear_small@2x.png */; };
		92733045172E0BA600806645 /* weather_cloudy@2x.png in Resources */ = {isa = PBXBuildFile; fileRef = 92732FFC172E0BA600806645 /* weather_cloudy@2x.png */; };
		92733046172E0BA600806645 /* weather_cloudy_small@2x.png in Resources */ = {isa = PBXBuildFile; fileRef = 92732FFD172E0BA600806645 /* weather_cloudy_small@2x.png */; };
		92733047172E0BA600806645 /* weather_current_blue@2x.png in Resources */ = {isa = PBXBuildFile; fileRef = 92732FFE172E0BA600806645 /* weather_current_blue@2x.png */; };
		92733048172E0BA600806645 /* weather_current_green@2x.png in Resources */ = {isa = PBXBuildFile; fileRef = 92732FFF172E0BA600806645 /* weather_current_green@2x.png */; };
		92733049172E0BA600806645 /* weather_current_orange@2x.png in Resources */ = {isa = PBXBuildFile; fileRef = 92733000172E0BA600806645 /* weather_current_orange@2x.png */; };
		9273304A172E0BA600806645 /* weather_current_yellow@2x.png in Resources */ = {isa = PBXBuildFile; fileRef = 92733001172E0BA600806645 /* weather_current_yellow@2x.png */; };
		9273304B172E0BA600806645 /* weather_forecast_blue@2x.png in Resources */ = {isa = PBXBuildFile; fileRef = 92733002172E0BA600806645 /* weather_forecast_blue@2x.png */; };
		9273304C172E0BA600806645 /* weather_forecast_green@2x.png in Resources */ = {isa = PBXBuildFile; fileRef = 92733003172E0BA600806645 /* weather_forecast_green@2x.png */; };
		9273304D172E0BA600806645 /* weather_forecast_orange@2x.png in Resources */ = {isa = PBXBuildFile; fileRef = 92733004172E0BA600806645 /* weather_forecast_orange@2x.png */; };
		9273304E172E0BA600806645 /* weather_forecast_yellow@2x.png in Resources */ = {isa = PBXBuildFile; fileRef = 92733005172E0BA600806645 /* weather_forecast_yellow@2x.png */; };
		9273304F172E0BA600806645 /* weather_overcast@2x.png in Resources */ = {isa = PBXBuildFile; fileRef = 92733006172E0BA600806645 /* weather_overcast@2x.png */; };
		92733050172E0BA600806645 /* weather_overcast_small@2x.png in Resources */ = {isa = PBXBuildFile; fileRef = 92733007172E0BA600806645 /* weather_overcast_small@2x.png */; };
		92733051172E0BA600806645 /* weather_partly_cloudy@2x.png in Resources */ = {isa = PBXBuildFile; fileRef = 92733008172E0BA600806645 /* weather_partly_cloudy@2x.png */; };
		92733052172E0BA600806645 /* weather_partly_cloudy_night@2x.png in Resources */ = {isa = PBXBuildFile; fileRef = 92733009172E0BA600806645 /* weather_partly_cloudy_night@2x.png */; };
		92733053172E0BA600806645 /* weather_partly_cloudy_night_small@2x.png in Resources */ = {isa = PBXBuildFile; fileRef = 9273300A172E0BA600806645 /* weather_partly_cloudy_night_small@2x.png */; };
		92733054172E0BA600806645 /* weather_partly_cloudy_small@2x.png in Resources */ = {isa = PBXBuildFile; fileRef = 9273300B172E0BA600806645 /* weather_partly_cloudy_small@2x.png */; };
		92733055172E0BA600806645 /* weather_rain_small@2x.png in Resources */ = {isa = PBXBuildFile; fileRef = 9273300C172E0BA600806645 /* weather_rain_small@2x.png */; };
		92733056172E0BA600806645 /* weather_rainy@2x.png in Resources */ = {isa = PBXBuildFile; fileRef = 9273300D172E0BA600806645 /* weather_rainy@2x.png */; };
		92733057172E0BA600806645 /* weather_snow_small@2x.png in Resources */ = {isa = PBXBuildFile; fileRef = 9273300E172E0BA600806645 /* weather_snow_small@2x.png */; };
		92733058172E0BA600806645 /* weather_snowy@2x.png in Resources */ = {isa = PBXBuildFile; fileRef = 9273300F172E0BA600806645 /* weather_snowy@2x.png */; };
		92733059172E0BA600806645 /* weather_thunder_storm@2x.png in Resources */ = {isa = PBXBuildFile; fileRef = 92733010172E0BA600806645 /* weather_thunder_storm@2x.png */; };
		9273305A172E0BA600806645 /* weather_thunder_storm_small@2x.png in Resources */ = {isa = PBXBuildFile; fileRef = 92733011172E0BA600806645 /* weather_thunder_storm_small@2x.png */; };
		9273305B172E0BA600806645 /* weather_unknown@2x.png in Resources */ = {isa = PBXBuildFile; fileRef = 92733012172E0BA600806645 /* weather_unknown@2x.png */; };
		9273305C172E0BA600806645 /* weather_unknown_small@2x.png in Resources */ = {isa = PBXBuildFile; fileRef = 92733013172E0BA600806645 /* weather_unknown_small@2x.png */; };
		92828075172860C7004AAA13 /* UIKit.framework in Frameworks */ = {isa = PBXBuildFile; fileRef = 92828074172860C6004AAA13 /* UIKit.framework */; };
		92828077172860C7004AAA13 /* Foundation.framework in Frameworks */ = {isa = PBXBuildFile; fileRef = 92828076172860C7004AAA13 /* Foundation.framework */; };
		92828079172860C7004AAA13 /* CoreGraphics.framework in Frameworks */ = {isa = PBXBuildFile; fileRef = 92828078172860C7004AAA13 /* CoreGraphics.framework */; };
		9282807F172860C7004AAA13 /* InfoPlist.strings in Resources */ = {isa = PBXBuildFile; fileRef = 9282807D172860C7004AAA13 /* InfoPlist.strings */; };
		92828081172860C7004AAA13 /* main.m in Sources */ = {isa = PBXBuildFile; fileRef = 92828080172860C7004AAA13 /* main.m */; };
		92828085172860C7004AAA13 /* ACAppDelegate.m in Sources */ = {isa = PBXBuildFile; fileRef = 92828084172860C7004AAA13 /* ACAppDelegate.m */; };
		9282808E172860C7004AAA13 /* MainStoryboard.storyboard in Resources */ = {isa = PBXBuildFile; fileRef = 9282808C172860C7004AAA13 /* MainStoryboard.storyboard */; };
		928280A01728628B004AAA13 /* ACBounceAnimation.m in Sources */ = {isa = PBXBuildFile; fileRef = 9282809A1728628B004AAA13 /* ACBounceAnimation.m */; };
		928280A11728628B004AAA13 /* ACPopupBackgroundView.m in Sources */ = {isa = PBXBuildFile; fileRef = 9282809D1728628B004AAA13 /* ACPopupBackgroundView.m */; };
		928280A21728628B004AAA13 /* UIViewController+ACPopupViewController.m in Sources */ = {isa = PBXBuildFile; fileRef = 9282809F1728628B004AAA13 /* UIViewController+ACPopupViewController.m */; };
		928280B2172869E7004AAA13 /* NSObject+PerformBlock.m in Sources */ = {isa = PBXBuildFile; fileRef = 928280B1172869E7004AAA13 /* NSObject+PerformBlock.m */; };
		928280B417286A9D004AAA13 /* QuartzCore.framework in Frameworks */ = {isa = PBXBuildFile; fileRef = 928280B317286A9D004AAA13 /* QuartzCore.framework */; };
		928280BB17289268004AAA13 /* ACAboutViewController.m in Sources */ = {isa = PBXBuildFile; fileRef = 928280BA17289268004AAA13 /* ACAboutViewController.m */; };
		928280D61728AA6A004AAA13 /* ACTableViewCell.m in Sources */ = {isa = PBXBuildFile; fileRef = 928280D51728AA6A004AAA13 /* ACTableViewCell.m */; };
		928280D91728AA72004AAA13 /* ACViewController.m in Sources */ = {isa = PBXBuildFile; fileRef = 928280D81728AA72004AAA13 /* ACViewController.m */; };
		928280FB1728D53C004AAA13 /* ACAlertView.m in Sources */ = {isa = PBXBuildFile; fileRef = 928280EE1728D53C004AAA13 /* ACAlertView.m */; };
		928280FC1728D53C004AAA13 /* acAlertView_defaultBackground_alphaOnly.png in Resources */ = {isa = PBXBuildFile; fileRef = 928280F01728D53C004AAA13 /* acAlertView_defaultBackground_alphaOnly.png */; };
		928280FD1728D53C004AAA13 /* acAlertView_defaultBackground_alphaOnly@2x.png in Resources */ = {isa = PBXBuildFile; fileRef = 928280F11728D53C004AAA13 /* acAlertView_defaultBackground_alphaOnly@2x.png */; };
		928280FE1728D53C004AAA13 /* acAlertView_defaultBackground_overlay.png in Resources */ = {isa = PBXBuildFile; fileRef = 928280F21728D53C004AAA13 /* acAlertView_defaultBackground_overlay.png */; };
		928280FF1728D53C004AAA13 /* acAlertView_defaultBackground_overlay@2x.png in Resources */ = {isa = PBXBuildFile; fileRef = 928280F31728D53C004AAA13 /* acAlertView_defaultBackground_overlay@2x.png */; };
		928281001728D53C004AAA13 /* acAlertView_gradientShadowOverlay_iPhone.png in Resources */ = {isa = PBXBuildFile; fileRef = 928280F41728D53C004AAA13 /* acAlertView_gradientShadowOverlay_iPhone.png */; };
		928281011728D53C004AAA13 /* acAlertView_iOS_cancelButton_normal.png in Resources */ = {isa = PBXBuildFile; fileRef = 928280F51728D53C004AAA13 /* acAlertView_iOS_cancelButton_normal.png */; };
		928281021728D53C004AAA13 /* acAlertView_iOS_cancelButton_normal@2x.png in Resources */ = {isa = PBXBuildFile; fileRef = 928280F61728D53C004AAA13 /* acAlertView_iOS_cancelButton_normal@2x.png */; };
		928281031728D53C004AAA13 /* acAlertView_iOS_okayButton_normal.png in Resources */ = {isa = PBXBuildFile; fileRef = 928280F71728D53C004AAA13 /* acAlertView_iOS_okayButton_normal.png */; };
		928281041728D53C004AAA13 /* acAlertView_iOS_okayButton_normal@2x.png in Resources */ = {isa = PBXBuildFile; fileRef = 928280F81728D53C004AAA13 /* acAlertView_iOS_okayButton_normal@2x.png */; };
		928281051728D53C004AAA13 /* acAlertView_iOS_okayCancelButton_highlighted.png in Resources */ = {isa = PBXBuildFile; fileRef = 928280F91728D53C004AAA13 /* acAlertView_iOS_okayCancelButton_highlighted.png */; };
		928281061728D53C004AAA13 /* acAlertView_iOS_okayCancelButton_highlighted@2x.png in Resources */ = {isa = PBXBuildFile; fileRef = 928280FA1728D53C004AAA13 /* acAlertView_iOS_okayCancelButton_highlighted@2x.png */; };
		928281091728E0AD004AAA13 /* ACTimelineViewController.m in Sources */ = {isa = PBXBuildFile; fileRef = 928281081728E0AD004AAA13 /* ACTimelineViewController.m */; };
		9282810E17297E8A004AAA13 /* MessageUI.framework in Frameworks */ = {isa = PBXBuildFile; fileRef = 9282810D17297E8A004AAA13 /* MessageUI.framework */; };
/* End PBXBuildFile section */

/* Begin PBXFileReference section */
		92011B2E172EDC7A00FDCB9C /* wwdc@2x.png */ = {isa = PBXFileReference; lastKnownFileType = image.png; path = "wwdc@2x.png"; sourceTree = "<group>"; };
		925E1E351729EE1F008B81E3 /* ACTimelineCell.h */ = {isa = PBXFileReference; fileEncoding = 4; lastKnownFileType = sourcecode.c.h; name = ACTimelineCell.h; path = "Table View/ACTimelineCell.h"; sourceTree = "<group>"; };
		925E1E361729EE1F008B81E3 /* ACTimelineCell.m */ = {isa = PBXFileReference; fileEncoding = 4; lastKnownFileType = sourcecode.c.objc; name = ACTimelineCell.m; path = "Table View/ACTimelineCell.m"; sourceTree = "<group>"; };
		925E1E58172A0DB9008B81E3 /* CoreImage.framework */ = {isa = PBXFileReference; lastKnownFileType = wrapper.framework; name = CoreImage.framework; path = System/Library/Frameworks/CoreImage.framework; sourceTree = SDKROOT; };
		925E1E59172A0DB9008B81E3 /* ImageIO.framework */ = {isa = PBXFileReference; lastKnownFileType = wrapper.framework; name = ImageIO.framework; path = System/Library/Frameworks/ImageIO.framework; sourceTree = SDKROOT; };
		925E1E6B172A18BE008B81E3 /* ACAppsViewController.h */ = {isa = PBXFileReference; fileEncoding = 4; lastKnownFileType = sourcecode.c.h; name = ACAppsViewController.h; path = "View Controllers/ACAppsViewController.h"; sourceTree = "<group>"; };
		925E1E6C172A18BE008B81E3 /* ACAppsViewController.m */ = {isa = PBXFileReference; fileEncoding = 4; lastKnownFileType = sourcecode.c.objc; name = ACAppsViewController.m; path = "View Controllers/ACAppsViewController.m"; sourceTree = "<group>"; };
		925E1E78172A4C1D008B81E3 /* ACWeatherViewController.h */ = {isa = PBXFileReference; fileEncoding = 4; lastKnownFileType = sourcecode.c.h; name = ACWeatherViewController.h; path = "View Controllers/ACWeatherViewController.h"; sourceTree = "<group>"; };
		925E1E79172A4C1D008B81E3 /* ACWeatherViewController.m */ = {isa = PBXFileReference; fileEncoding = 4; lastKnownFileType = sourcecode.c.objc; name = ACWeatherViewController.m; path = "View Controllers/ACWeatherViewController.m"; sourceTree = "<group>"; };
		925E1E7B172A4C7B008B81E3 /* ACCurrentCell.h */ = {isa = PBXFileReference; fileEncoding = 4; lastKnownFileType = sourcecode.c.h; name = ACCurrentCell.h; path = "Table View/ACCurrentCell.h"; sourceTree = "<group>"; };
		925E1E7C172A4C7B008B81E3 /* ACCurrentCell.m */ = {isa = PBXFileReference; fileEncoding = 4; lastKnownFileType = sourcecode.c.objc; name = ACCurrentCell.m; path = "Table View/ACCurrentCell.m"; sourceTree = "<group>"; };
		925E1E7E172A4C8D008B81E3 /* ACForecastCell.h */ = {isa = PBXFileReference; fileEncoding = 4; lastKnownFileType = sourcecode.c.h; name = ACForecastCell.h; path = "Table View/ACForecastCell.h"; sourceTree = "<group>"; };
		925E1E7F172A4C8D008B81E3 /* ACForecastCell.m */ = {isa = PBXFileReference; fileEncoding = 4; lastKnownFileType = sourcecode.c.objc; name = ACForecastCell.m; path = "Table View/ACForecastCell.m"; sourceTree = "<group>"; };
		925E1E81172A4E82008B81E3 /* AddressBook.framework */ = {isa = PBXFileReference; lastKnownFileType = wrapper.framework; name = AddressBook.framework; path = System/Library/Frameworks/AddressBook.framework; sourceTree = SDKROOT; };
		925E1E83172A4E86008B81E3 /* CoreLocation.framework */ = {isa = PBXFileReference; lastKnownFileType = wrapper.framework; name = CoreLocation.framework; path = System/Library/Frameworks/CoreLocation.framework; sourceTree = SDKROOT; };
		925E1EB7172AD6A0008B81E3 /* ACWeather.h */ = {isa = PBXFileReference; fileEncoding = 4; lastKnownFileType = sourcecode.c.h; path = ACWeather.h; sourceTree = "<group>"; };
		925E1EB8172AD6A0008B81E3 /* ACWeather.m */ = {isa = PBXFileReference; fileEncoding = 4; lastKnownFileType = sourcecode.c.objc; path = ACWeather.m; sourceTree = "<group>"; };
		925E1EBD172AE85A008B81E3 /* CLPlacemark+ACExtentions.h */ = {isa = PBXFileReference; fileEncoding = 4; lastKnownFileType = sourcecode.c.h; name = "CLPlacemark+ACExtentions.h"; path = "Internal Classes/ACExtentions/CLPlacemark+ACExtentions.h"; sourceTree = "<group>"; };
		925E1EBE172AE85A008B81E3 /* CLPlacemark+ACExtentions.m */ = {isa = PBXFileReference; fileEncoding = 4; lastKnownFileType = sourcecode.c.objc; name = "CLPlacemark+ACExtentions.m"; path = "Internal Classes/ACExtentions/CLPlacemark+ACExtentions.m"; sourceTree = "<group>"; };
		925E1F57172B78D7008B81E3 /* ACFlashlightViewController.h */ = {isa = PBXFileReference; fileEncoding = 4; lastKnownFileType = sourcecode.c.h; name = ACFlashlightViewController.h; path = "View Controllers/ACFlashlightViewController.h"; sourceTree = "<group>"; };
		925E1F58172B78D7008B81E3 /* ACFlashlightViewController.m */ = {isa = PBXFileReference; fileEncoding = 4; lastKnownFileType = sourcecode.c.objc; name = ACFlashlightViewController.m; path = "View Controllers/ACFlashlightViewController.m"; sourceTree = "<group>"; };
		925E1F6B172C40B7008B81E3 /* Alert.h */ = {isa = PBXFileReference; fileEncoding = 4; lastKnownFileType = sourcecode.c.h; path = Alert.h; sourceTree = "<group>"; };
		925E1F6C172C40B7008B81E3 /* Alert.m */ = {isa = PBXFileReference; fileEncoding = 4; lastKnownFileType = sourcecode.c.objc; path = Alert.m; sourceTree = "<group>"; };
		925E1F6D172C40B7008B81E3 /* Datum.h */ = {isa = PBXFileReference; fileEncoding = 4; lastKnownFileType = sourcecode.c.h; path = Datum.h; sourceTree = "<group>"; };
		925E1F6E172C40B7008B81E3 /* Datum.m */ = {isa = PBXFileReference; fileEncoding = 4; lastKnownFileType = sourcecode.c.objc; path = Datum.m; sourceTree = "<group>"; };
		925E1F6F172C40B7008B81E3 /* Weather.h */ = {isa = PBXFileReference; fileEncoding = 4; lastKnownFileType = sourcecode.c.h; path = Weather.h; sourceTree = "<group>"; };
		925E1F70172C40B7008B81E3 /* Weather.m */ = {isa = PBXFileReference; fileEncoding = 4; lastKnownFileType = sourcecode.c.objc; path = Weather.m; sourceTree = "<group>"; };
		925E1F71172C40B7008B81E3 /* WeatherCurrently.h */ = {isa = PBXFileReference; fileEncoding = 4; lastKnownFileType = sourcecode.c.h; path = WeatherCurrently.h; sourceTree = "<group>"; };
		925E1F72172C40B7008B81E3 /* WeatherCurrently.m */ = {isa = PBXFileReference; fileEncoding = 4; lastKnownFileType = sourcecode.c.objc; path = WeatherCurrently.m; sourceTree = "<group>"; };
		925E1F73172C40B7008B81E3 /* WeatherDaily.h */ = {isa = PBXFileReference; fileEncoding = 4; lastKnownFileType = sourcecode.c.h; path = WeatherDaily.h; sourceTree = "<group>"; };
		925E1F74172C40B7008B81E3 /* WeatherDaily.m */ = {isa = PBXFileReference; fileEncoding = 4; lastKnownFileType = sourcecode.c.objc; path = WeatherDaily.m; sourceTree = "<group>"; };
		925E1F75172C40B7008B81E3 /* WeatherFlags.h */ = {isa = PBXFileReference; fileEncoding = 4; lastKnownFileType = sourcecode.c.h; path = WeatherFlags.h; sourceTree = "<group>"; };
		925E1F76172C40B7008B81E3 /* WeatherFlags.m */ = {isa = PBXFileReference; fileEncoding = 4; lastKnownFileType = sourcecode.c.objc; path = WeatherFlags.m; sourceTree = "<group>"; };
		925E1F77172C40B7008B81E3 /* WeatherHourly.h */ = {isa = PBXFileReference; fileEncoding = 4; lastKnownFileType = sourcecode.c.h; path = WeatherHourly.h; sourceTree = "<group>"; };
		925E1F78172C40B7008B81E3 /* WeatherHourly.m */ = {isa = PBXFileReference; fileEncoding = 4; lastKnownFileType = sourcecode.c.objc; path = WeatherHourly.m; sourceTree = "<group>"; };
		925E1F79172C40B7008B81E3 /* WeatherMinutely.h */ = {isa = PBXFileReference; fileEncoding = 4; lastKnownFileType = sourcecode.c.h; path = WeatherMinutely.h; sourceTree = "<group>"; };
		925E1F7A172C40B7008B81E3 /* WeatherMinutely.m */ = {isa = PBXFileReference; fileEncoding = 4; lastKnownFileType = sourcecode.c.objc; path = WeatherMinutely.m; sourceTree = "<group>"; };
		925E1F84172C4A59008B81E3 /* ACTorch.h */ = {isa = PBXFileReference; fileEncoding = 4; lastKnownFileType = sourcecode.c.h; path = ACTorch.h; sourceTree = "<group>"; };
		925E1F85172C4A59008B81E3 /* ACTorch.m */ = {isa = PBXFileReference; fileEncoding = 4; lastKnownFileType = sourcecode.c.objc; path = ACTorch.m; sourceTree = "<group>"; };
		925E1F87172C8E61008B81E3 /* AVFoundation.framework */ = {isa = PBXFileReference; lastKnownFileType = wrapper.framework; name = AVFoundation.framework; path = System/Library/Frameworks/AVFoundation.framework; sourceTree = SDKROOT; };
		92732F67172CA31B00806645 /* ACDesignsViewController.h */ = {isa = PBXFileReference; fileEncoding = 4; lastKnownFileType = sourcecode.c.h; name = ACDesignsViewController.h; path = "View Controllers/ACDesignsViewController.h"; sourceTree = "<group>"; };
		92732F68172CA31B00806645 /* ACDesignsViewController.m */ = {isa = PBXFileReference; fileEncoding = 4; lastKnownFileType = sourcecode.c.objc; name = ACDesignsViewController.m; path = "View Controllers/ACDesignsViewController.m"; sourceTree = "<group>"; };
		92732F6B172CFAB600806645 /* ACDesignsCell.h */ = {isa = PBXFileReference; fileEncoding = 4; lastKnownFileType = sourcecode.c.h; name = ACDesignsCell.h; path = "Collection View/ACDesignsCell.h"; sourceTree = "<group>"; };
		92732F6C172CFAB600806645 /* ACDesignsCell.m */ = {isa = PBXFileReference; fileEncoding = 4; lastKnownFileType = sourcecode.c.objc; name = ACDesignsCell.m; path = "Collection View/ACDesignsCell.m"; sourceTree = "<group>"; };
		92732FBA172DCF4500806645 /* ACWWDCViewController.h */ = {isa = PBXFileReference; fileEncoding = 4; lastKnownFileType = sourcecode.c.h; name = ACWWDCViewController.h; path = "View Controllers/ACWWDCViewController.h"; sourceTree = "<group>"; };
		92732FBB172DCF4500806645 /* ACWWDCViewController.m */ = {isa = PBXFileReference; fileEncoding = 4; lastKnownFileType = sourcecode.c.objc; name = ACWWDCViewController.m; path = "View Controllers/ACWWDCViewController.m"; sourceTree = "<group>"; };
		92732FC4172E0BA600806645 /* about_anthony@2x.png */ = {isa = PBXFileReference; lastKnownFileType = image.png; path = "about_anthony@2x.png"; sourceTree = "<group>"; };
		92732FC5172E0BA600806645 /* about_back_button_highlighted@2x.png */ = {isa = PBXFileReference; lastKnownFileType = image.png; path = "about_back_button_highlighted@2x.png"; sourceTree = "<group>"; };
		92732FC6172E0BA600806645 /* about_back_button_normal@2x.png */ = {isa = PBXFileReference; lastKnownFileType = image.png; path = "about_back_button_normal@2x.png"; sourceTree = "<group>"; };
		92732FC7172E0BA600806645 /* about_background@2x.png */ = {isa = PBXFileReference; lastKnownFileType = image.png; path = "about_background@2x.png"; sourceTree = "<group>"; };
		92732FC8172E0BA600806645 /* about_navbar@2x.png */ = {isa = PBXFileReference; lastKnownFileType = image.png; path = "about_navbar@2x.png"; sourceTree = "<group>"; };
		92732FC9172E0BA600806645 /* appdotnet@2x.png */ = {isa = PBXFileReference; lastKnownFileType = image.png; path = "appdotnet@2x.png"; sourceTree = "<group>"; };
		92732FCA172E0BA600806645 /* dribbble@2x.png */ = {isa = PBXFileReference; lastKnownFileType = image.png; path = "dribbble@2x.png"; sourceTree = "<group>"; };
		92732FCB172E0BA600806645 /* email@2x.png */ = {isa = PBXFileReference; lastKnownFileType = image.png; path = "email@2x.png"; sourceTree = "<group>"; };
		92732FCC172E0BA600806645 /* emerys@2x.png */ = {isa = PBXFileReference; lastKnownFileType = image.png; path = "emerys@2x.png"; sourceTree = "<group>"; };
		92732FCD172E0BA600806645 /* github@2x.png */ = {isa = PBXFileReference; lastKnownFileType = image.png; path = "github@2x.png"; sourceTree = "<group>"; };
		92732FCE172E0BA600806645 /* twitter@2x.png */ = {isa = PBXFileReference; lastKnownFileType = image.png; path = "twitter@2x.png"; sourceTree = "<group>"; };
		92732FD0172E0BA600806645 /* apps@2x.png */ = {isa = PBXFileReference; lastKnownFileType = image.png; path = "apps@2x.png"; sourceTree = "<group>"; };
		92732FD1172E0BA600806645 /* apps_flashlight@2x.png */ = {isa = PBXFileReference; lastKnownFileType = image.png; path = "apps_flashlight@2x.png"; sourceTree = "<group>"; };
		92732FD2172E0BA600806645 /* apps_weather@2x.png */ = {isa = PBXFileReference; lastKnownFileType = image.png; path = "apps_weather@2x.png"; sourceTree = "<group>"; };
		92732FD4172E0BA600806645 /* Default-568h@2x.png */ = {isa = PBXFileReference; lastKnownFileType = image.png; path = "Default-568h@2x.png"; sourceTree = "<group>"; };
		92732FD5172E0BA600806645 /* Default.png */ = {isa = PBXFileReference; lastKnownFileType = image.png; path = Default.png; sourceTree = "<group>"; };
		92732FD6172E0BA600806645 /* Default@2x.png */ = {isa = PBXFileReference; lastKnownFileType = image.png; path = "Default@2x.png"; sourceTree = "<group>"; };
		92732FD8172E0BA600806645 /* designs@2x.png */ = {isa = PBXFileReference; lastKnownFileType = image.png; path = "designs@2x.png"; sourceTree = "<group>"; };
		92732FD9172E0BA600806645 /* designs_cumulus@2x.png */ = {isa = PBXFileReference; lastKnownFileType = image.png; path = "designs_cumulus@2x.png"; sourceTree = "<group>"; };
		92732FDA172E0BA600806645 /* designs_luminous@2x.png */ = {isa = PBXFileReference; lastKnownFileType = image.png; path = "designs_luminous@2x.png"; sourceTree = "<group>"; };
		92732FDB172E0BA600806645 /* designs_macbook_pro@2x.png */ = {isa = PBXFileReference; lastKnownFileType = image.png; path = "designs_macbook_pro@2x.png"; sourceTree = "<group>"; };
		92732FDC172E0BA600806645 /* designs_mail@2x.png */ = {isa = PBXFileReference; lastKnownFileType = image.png; path = "designs_mail@2x.png"; sourceTree = "<group>"; };
		92732FDD172E0BA600806645 /* designs_music_icon@2x.png */ = {isa = PBXFileReference; lastKnownFileType = image.png; path = "designs_music_icon@2x.png"; sourceTree = "<group>"; };
		92732FDE172E0BA600806645 /* designs_preview_border@2x.png */ = {isa = PBXFileReference; lastKnownFileType = image.png; path = "designs_preview_border@2x.png"; sourceTree = "<group>"; };
		92732FDF172E0BA600806645 /* designs_vegemite@2x.png */ = {isa = PBXFileReference; lastKnownFileType = image.png; path = "designs_vegemite@2x.png"; sourceTree = "<group>"; };
		92732FE1172E0BA600806645 /* flashlight@2x.png */ = {isa = PBXFileReference; lastKnownFileType = image.png; path = "flashlight@2x.png"; sourceTree = "<group>"; };
		92732FE2172E0BA600806645 /* flashlight_torch_button_off@2x.png */ = {isa = PBXFileReference; lastKnownFileType = image.png; path = "flashlight_torch_button_off@2x.png"; sourceTree = "<group>"; };
		92732FE3172E0BA600806645 /* flashlight_torch_button_on@2x.png */ = {isa = PBXFileReference; lastKnownFileType = image.png; path = "flashlight_torch_button_on@2x.png"; sourceTree = "<group>"; };
		92732FE4172E0BA600806645 /* flashlight_torch_ring_one@2x.png */ = {isa = PBXFileReference; lastKnownFileType = image.png; path = "flashlight_torch_ring_one@2x.png"; sourceTree = "<group>"; };
		92732FE5172E0BA600806645 /* flashlight_torch_ring_three@2x.png */ = {isa = PBXFileReference; lastKnownFileType = image.png; path = "flashlight_torch_ring_three@2x.png"; sourceTree = "<group>"; };
		92732FE6172E0BA600806645 /* flashlight_torch_ring_two@2x.png */ = {isa = PBXFileReference; lastKnownFileType = image.png; path = "flashlight_torch_ring_two@2x.png"; sourceTree = "<group>"; };
		92732FE8172E0BA600806645 /* icon@2x.png */ = {isa = PBXFileReference; lastKnownFileType = image.png; path = "icon@2x.png"; sourceTree = "<group>"; };
		92732FEA172E0BA600806645 /* about_button@2x.png */ = {isa = PBXFileReference; lastKnownFileType = image.png; path = "about_button@2x.png"; sourceTree = "<group>"; };
		92732FEB172E0BA600806645 /* apps_button@2x.png */ = {isa = PBXFileReference; lastKnownFileType = image.png; path = "apps_button@2x.png"; sourceTree = "<group>"; };
		92732FEC172E0BA600806645 /* designs_button@2x.png */ = {isa = PBXFileReference; lastKnownFileType = image.png; path = "designs_button@2x.png"; sourceTree = "<group>"; };
		92732FED172E0BA600806645 /* timeline_button@2x.png */ = {isa = PBXFileReference; lastKnownFileType = image.png; path = "timeline_button@2x.png"; sourceTree = "<group>"; };
		92732FEE172E0BA600806645 /* wwdc_button@2x.png */ = {isa = PBXFileReference; lastKnownFileType = image.png; path = "wwdc_button@2x.png"; sourceTree = "<group>"; };
		92732FF0172E0BA600806645 /* timeline@2x.png */ = {isa = PBXFileReference; lastKnownFileType = image.png; path = "timeline@2x.png"; sourceTree = "<group>"; };
		92732FF1172E0BA600806645 /* timelines_background@2x.png */ = {isa = PBXFileReference; lastKnownFileType = image.png; path = "timelines_background@2x.png"; sourceTree = "<group>"; };
		92732FF2172E0BA600806645 /* timelines_dimonds@2x.png */ = {isa = PBXFileReference; lastKnownFileType = image.png; path = "timelines_dimonds@2x.png"; sourceTree = "<group>"; };
		92732FF3172E0BA600806645 /* timelines_info@2x.png */ = {isa = PBXFileReference; lastKnownFileType = image.png; path = "timelines_info@2x.png"; sourceTree = "<group>"; };
		92732FF4172E0BA600806645 /* timelines_lines@2x.png */ = {isa = PBXFileReference; lastKnownFileType = image.png; path = "timelines_lines@2x.png"; sourceTree = "<group>"; };
		92732FF5172E0BA600806645 /* timelines_types@2x.png */ = {isa = PBXFileReference; lastKnownFileType = image.png; path = "timelines_types@2x.png"; sourceTree = "<group>"; };
		92732FF7172E0BA600806645 /* weather@2x.png */ = {isa = PBXFileReference; lastKnownFileType = image.png; path = "weather@2x.png"; sourceTree = "<group>"; };
		92732FF8172E0BA600806645 /* weather_clear@2x.png */ = {isa = PBXFileReference; lastKnownFileType = image.png; path = "weather_clear@2x.png"; sourceTree = "<group>"; };
		92732FF9172E0BA600806645 /* weather_clear_night@2x.png */ = {isa = PBXFileReference; lastKnownFileType = image.png; path = "weather_clear_night@2x.png"; sourceTree = "<group>"; };
		92732FFA172E0BA600806645 /* weather_clear_night_small@2x.png */ = {isa = PBXFileReference; lastKnownFileType = image.png; path = "weather_clear_night_small@2x.png"; sourceTree = "<group>"; };
		92732FFB172E0BA600806645 /* weather_clear_small@2x.png */ = {isa = PBXFileReference; lastKnownFileType = image.png; path = "weather_clear_small@2x.png"; sourceTree = "<group>"; };
		92732FFC172E0BA600806645 /* weather_cloudy@2x.png */ = {isa = PBXFileReference; lastKnownFileType = image.png; path = "weather_cloudy@2x.png"; sourceTree = "<group>"; };
		92732FFD172E0BA600806645 /* weather_cloudy_small@2x.png */ = {isa = PBXFileReference; lastKnownFileType = image.png; path = "weather_cloudy_small@2x.png"; sourceTree = "<group>"; };
		92732FFE172E0BA600806645 /* weather_current_blue@2x.png */ = {isa = PBXFileReference; lastKnownFileType = image.png; path = "weather_current_blue@2x.png"; sourceTree = "<group>"; };
		92732FFF172E0BA600806645 /* weather_current_green@2x.png */ = {isa = PBXFileReference; lastKnownFileType = image.png; path = "weather_current_green@2x.png"; sourceTree = "<group>"; };
		92733000172E0BA600806645 /* weather_current_orange@2x.png */ = {isa = PBXFileReference; lastKnownFileType = image.png; path = "weather_current_orange@2x.png"; sourceTree = "<group>"; };
		92733001172E0BA600806645 /* weather_current_yellow@2x.png */ = {isa = PBXFileReference; lastKnownFileType = image.png; path = "weather_current_yellow@2x.png"; sourceTree = "<group>"; };
		92733002172E0BA600806645 /* weather_forecast_blue@2x.png */ = {isa = PBXFileReference; lastKnownFileType = image.png; path = "weather_forecast_blue@2x.png"; sourceTree = "<group>"; };
		92733003172E0BA600806645 /* weather_forecast_green@2x.png */ = {isa = PBXFileReference; lastKnownFileType = image.png; path = "weather_forecast_green@2x.png"; sourceTree = "<group>"; };
		92733004172E0BA600806645 /* weather_forecast_orange@2x.png */ = {isa = PBXFileReference; lastKnownFileType = image.png; path = "weather_forecast_orange@2x.png"; sourceTree = "<group>"; };
		92733005172E0BA600806645 /* weather_forecast_yellow@2x.png */ = {isa = PBXFileReference; lastKnownFileType = image.png; path = "weather_forecast_yellow@2x.png"; sourceTree = "<group>"; };
		92733006172E0BA600806645 /* weather_overcast@2x.png */ = {isa = PBXFileReference; lastKnownFileType = image.png; path = "weather_overcast@2x.png"; sourceTree = "<group>"; };
		92733007172E0BA600806645 /* weather_overcast_small@2x.png */ = {isa = PBXFileReference; lastKnownFileType = image.png; path = "weather_overcast_small@2x.png"; sourceTree = "<group>"; };
		92733008172E0BA600806645 /* weather_partly_cloudy@2x.png */ = {isa = PBXFileReference; lastKnownFileType = image.png; path = "weather_partly_cloudy@2x.png"; sourceTree = "<group>"; };
		92733009172E0BA600806645 /* weather_partly_cloudy_night@2x.png */ = {isa = PBXFileReference; lastKnownFileType = image.png; path = "weather_partly_cloudy_night@2x.png"; sourceTree = "<group>"; };
		9273300A172E0BA600806645 /* weather_partly_cloudy_night_small@2x.png */ = {isa = PBXFileReference; lastKnownFileType = image.png; path = "weather_partly_cloudy_night_small@2x.png"; sourceTree = "<group>"; };
		9273300B172E0BA600806645 /* weather_partly_cloudy_small@2x.png */ = {isa = PBXFileReference; lastKnownFileType = image.png; path = "weather_partly_cloudy_small@2x.png"; sourceTree = "<group>"; };
		9273300C172E0BA600806645 /* weather_rain_small@2x.png */ = {isa = PBXFileReference; lastKnownFileType = image.png; path = "weather_rain_small@2x.png"; sourceTree = "<group>"; };
		9273300D172E0BA600806645 /* weather_rainy@2x.png */ = {isa = PBXFileReference; lastKnownFileType = image.png; path = "weather_rainy@2x.png"; sourceTree = "<group>"; };
		9273300E172E0BA600806645 /* weather_snow_small@2x.png */ = {isa = PBXFileReference; lastKnownFileType = image.png; path = "weather_snow_small@2x.png"; sourceTree = "<group>"; };
		9273300F172E0BA600806645 /* weather_snowy@2x.png */ = {isa = PBXFileReference; lastKnownFileType = image.png; path = "weather_snowy@2x.png"; sourceTree = "<group>"; };
		92733010172E0BA600806645 /* weather_thunder_storm@2x.png */ = {isa = PBXFileReference; lastKnownFileType = image.png; path = "weather_thunder_storm@2x.png"; sourceTree = "<group>"; };
		92733011172E0BA600806645 /* weather_thunder_storm_small@2x.png */ = {isa = PBXFileReference; lastKnownFileType = image.png; path = "weather_thunder_storm_small@2x.png"; sourceTree = "<group>"; };
		92733012172E0BA600806645 /* weather_unknown@2x.png */ = {isa = PBXFileReference; lastKnownFileType = image.png; path = "weather_unknown@2x.png"; sourceTree = "<group>"; };
		92733013172E0BA600806645 /* weather_unknown_small@2x.png */ = {isa = PBXFileReference; lastKnownFileType = image.png; path = "weather_unknown_small@2x.png"; sourceTree = "<group>"; };
		92828071172860C6004AAA13 /* Anthony.app */ = {isa = PBXFileReference; explicitFileType = wrapper.application; includeInIndex = 0; path = Anthony.app; sourceTree = BUILT_PRODUCTS_DIR; };
		92828074172860C6004AAA13 /* UIKit.framework */ = {isa = PBXFileReference; lastKnownFileType = wrapper.framework; name = UIKit.framework; path = System/Library/Frameworks/UIKit.framework; sourceTree = SDKROOT; };
		92828076172860C7004AAA13 /* Foundation.framework */ = {isa = PBXFileReference; lastKnownFileType = wrapper.framework; name = Foundation.framework; path = System/Library/Frameworks/Foundation.framework; sourceTree = SDKROOT; };
		92828078172860C7004AAA13 /* CoreGraphics.framework */ = {isa = PBXFileReference; lastKnownFileType = wrapper.framework; name = CoreGraphics.framework; path = System/Library/Frameworks/CoreGraphics.framework; sourceTree = SDKROOT; };
		9282807C172860C7004AAA13 /* Anthony-Info.plist */ = {isa = PBXFileReference; lastKnownFileType = text.plist.xml; path = "Anthony-Info.plist"; sourceTree = "<group>"; };
		9282807E172860C7004AAA13 /* en */ = {isa = PBXFileReference; lastKnownFileType = text.plist.strings; name = en; path = en.lproj/InfoPlist.strings; sourceTree = "<group>"; };
		92828080172860C7004AAA13 /* main.m */ = {isa = PBXFileReference; lastKnownFileType = sourcecode.c.objc; path = main.m; sourceTree = "<group>"; };
		92828082172860C7004AAA13 /* Anthony-Prefix.pch */ = {isa = PBXFileReference; lastKnownFileType = sourcecode.c.h; path = "Anthony-Prefix.pch"; sourceTree = "<group>"; };
		92828083172860C7004AAA13 /* ACAppDelegate.h */ = {isa = PBXFileReference; lastKnownFileType = sourcecode.c.h; path = ACAppDelegate.h; sourceTree = "<group>"; };
		92828084172860C7004AAA13 /* ACAppDelegate.m */ = {isa = PBXFileReference; lastKnownFileType = sourcecode.c.objc; path = ACAppDelegate.m; sourceTree = "<group>"; };
		9282808D172860C7004AAA13 /* en */ = {isa = PBXFileReference; lastKnownFileType = file.storyboard; name = en; path = en.lproj/MainStoryboard.storyboard; sourceTree = "<group>"; };
		928280991728628B004AAA13 /* ACBounceAnimation.h */ = {isa = PBXFileReference; fileEncoding = 4; lastKnownFileType = sourcecode.c.h; path = ACBounceAnimation.h; sourceTree = "<group>"; };
		9282809A1728628B004AAA13 /* ACBounceAnimation.m */ = {isa = PBXFileReference; fileEncoding = 4; lastKnownFileType = sourcecode.c.objc; path = ACBounceAnimation.m; sourceTree = "<group>"; };
		9282809C1728628B004AAA13 /* ACPopupBackgroundView.h */ = {isa = PBXFileReference; fileEncoding = 4; lastKnownFileType = sourcecode.c.h; path = ACPopupBackgroundView.h; sourceTree = "<group>"; };
		9282809D1728628B004AAA13 /* ACPopupBackgroundView.m */ = {isa = PBXFileReference; fileEncoding = 4; lastKnownFileType = sourcecode.c.objc; path = ACPopupBackgroundView.m; sourceTree = "<group>"; };
		9282809E1728628B004AAA13 /* UIViewController+ACPopupViewController.h */ = {isa = PBXFileReference; fileEncoding = 4; lastKnownFileType = sourcecode.c.h; path = "UIViewController+ACPopupViewController.h"; sourceTree = "<group>"; };
		9282809F1728628B004AAA13 /* UIViewController+ACPopupViewController.m */ = {isa = PBXFileReference; fileEncoding = 4; lastKnownFileType = sourcecode.c.objc; path = "UIViewController+ACPopupViewController.m"; sourceTree = "<group>"; };
		928280B0172869E7004AAA13 /* NSObject+PerformBlock.h */ = {isa = PBXFileReference; fileEncoding = 4; lastKnownFileType = sourcecode.c.h; path = "NSObject+PerformBlock.h"; sourceTree = "<group>"; };
		928280B1172869E7004AAA13 /* NSObject+PerformBlock.m */ = {isa = PBXFileReference; fileEncoding = 4; lastKnownFileType = sourcecode.c.objc; path = "NSObject+PerformBlock.m"; sourceTree = "<group>"; };
		928280B317286A9D004AAA13 /* QuartzCore.framework */ = {isa = PBXFileReference; lastKnownFileType = wrapper.framework; name = QuartzCore.framework; path = System/Library/Frameworks/QuartzCore.framework; sourceTree = SDKROOT; };
		928280B917289268004AAA13 /* ACAboutViewController.h */ = {isa = PBXFileReference; fileEncoding = 4; lastKnownFileType = sourcecode.c.h; name = ACAboutViewController.h; path = "View Controllers/ACAboutViewController.h"; sourceTree = "<group>"; };
		928280BA17289268004AAA13 /* ACAboutViewController.m */ = {isa = PBXFileReference; fileEncoding = 4; lastKnownFileType = sourcecode.c.objc; name = ACAboutViewController.m; path = "View Controllers/ACAboutViewController.m"; sourceTree = "<group>"; };
		928280D41728AA6A004AAA13 /* ACTableViewCell.h */ = {isa = PBXFileReference; fileEncoding = 4; lastKnownFileType = sourcecode.c.h; name = ACTableViewCell.h; path = "Table View/ACTableViewCell.h"; sourceTree = "<group>"; };
		928280D51728AA6A004AAA13 /* ACTableViewCell.m */ = {isa = PBXFileReference; fileEncoding = 4; lastKnownFileType = sourcecode.c.objc; name = ACTableViewCell.m; path = "Table View/ACTableViewCell.m"; sourceTree = "<group>"; };
		928280D71728AA72004AAA13 /* ACViewController.h */ = {isa = PBXFileReference; fileEncoding = 4; lastKnownFileType = sourcecode.c.h; name = ACViewController.h; path = "View Controllers/ACViewController.h"; sourceTree = "<group>"; };
		928280D81728AA72004AAA13 /* ACViewController.m */ = {isa = PBXFileReference; fileEncoding = 4; lastKnownFileType = sourcecode.c.objc; name = ACViewController.m; path = "View Controllers/ACViewController.m"; sourceTree = "<group>"; };
		928280ED1728D53C004AAA13 /* ACAlertView.h */ = {isa = PBXFileReference; fileEncoding = 4; lastKnownFileType = sourcecode.c.h; path = ACAlertView.h; sourceTree = "<group>"; };
		928280EE1728D53C004AAA13 /* ACAlertView.m */ = {isa = PBXFileReference; fileEncoding = 4; lastKnownFileType = sourcecode.c.objc; path = ACAlertView.m; sourceTree = "<group>"; };
		928280F01728D53C004AAA13 /* acAlertView_defaultBackground_alphaOnly.png */ = {isa = PBXFileReference; lastKnownFileType = image.png; path = acAlertView_defaultBackground_alphaOnly.png; sourceTree = "<group>"; };
		928280F11728D53C004AAA13 /* acAlertView_defaultBackground_alphaOnly@2x.png */ = {isa = PBXFileReference; lastKnownFileType = image.png; path = "acAlertView_defaultBackground_alphaOnly@2x.png"; sourceTree = "<group>"; };
		928280F21728D53C004AAA13 /* acAlertView_defaultBackground_overlay.png */ = {isa = PBXFileReference; lastKnownFileType = image.png; path = acAlertView_defaultBackground_overlay.png; sourceTree = "<group>"; };
		928280F31728D53C004AAA13 /* acAlertView_defaultBackground_overlay@2x.png */ = {isa = PBXFileReference; lastKnownFileType = image.png; path = "acAlertView_defaultBackground_overlay@2x.png"; sourceTree = "<group>"; };
		928280F41728D53C004AAA13 /* acAlertView_gradientShadowOverlay_iPhone.png */ = {isa = PBXFileReference; lastKnownFileType = image.png; path = acAlertView_gradientShadowOverlay_iPhone.png; sourceTree = "<group>"; };
		928280F51728D53C004AAA13 /* acAlertView_iOS_cancelButton_normal.png */ = {isa = PBXFileReference; lastKnownFileType = image.png; path = acAlertView_iOS_cancelButton_normal.png; sourceTree = "<group>"; };
		928280F61728D53C004AAA13 /* acAlertView_iOS_cancelButton_normal@2x.png */ = {isa = PBXFileReference; lastKnownFileType = image.png; path = "acAlertView_iOS_cancelButton_normal@2x.png"; sourceTree = "<group>"; };
		928280F71728D53C004AAA13 /* acAlertView_iOS_okayButton_normal.png */ = {isa = PBXFileReference; lastKnownFileType = image.png; path = acAlertView_iOS_okayButton_normal.png; sourceTree = "<group>"; };
		928280F81728D53C004AAA13 /* acAlertView_iOS_okayButton_normal@2x.png */ = {isa = PBXFileReference; lastKnownFileType = image.png; path = "acAlertView_iOS_okayButton_normal@2x.png"; sourceTree = "<group>"; };
		928280F91728D53C004AAA13 /* acAlertView_iOS_okayCancelButton_highlighted.png */ = {isa = PBXFileReference; lastKnownFileType = image.png; path = acAlertView_iOS_okayCancelButton_highlighted.png; sourceTree = "<group>"; };
		928280FA1728D53C004AAA13 /* acAlertView_iOS_okayCancelButton_highlighted@2x.png */ = {isa = PBXFileReference; lastKnownFileType = image.png; path = "acAlertView_iOS_okayCancelButton_highlighted@2x.png"; sourceTree = "<group>"; };
		928281071728E0AD004AAA13 /* ACTimelineViewController.h */ = {isa = PBXFileReference; fileEncoding = 4; lastKnownFileType = sourcecode.c.h; name = ACTimelineViewController.h; path = "View Controllers/ACTimelineViewController.h"; sourceTree = "<group>"; };
		928281081728E0AD004AAA13 /* ACTimelineViewController.m */ = {isa = PBXFileReference; fileEncoding = 4; lastKnownFileType = sourcecode.c.objc; name = ACTimelineViewController.m; path = "View Controllers/ACTimelineViewController.m"; sourceTree = "<group>"; };
		9282810D17297E8A004AAA13 /* MessageUI.framework */ = {isa = PBXFileReference; lastKnownFileType = wrapper.framework; name = MessageUI.framework; path = System/Library/Frameworks/MessageUI.framework; sourceTree = SDKROOT; };
/* End PBXFileReference section */

/* Begin PBXFrameworksBuildPhase section */
		9282806E172860C6004AAA13 /* Frameworks */ = {
			isa = PBXFrameworksBuildPhase;
			buildActionMask = 2147483647;
			files = (
				925E1F88172C8E62008B81E3 /* AVFoundation.framework in Frameworks */,
				925E1E84172A4E87008B81E3 /* CoreLocation.framework in Frameworks */,
				925E1E82172A4E82008B81E3 /* AddressBook.framework in Frameworks */,
				925E1E5A172A0DBA008B81E3 /* CoreImage.framework in Frameworks */,
				925E1E5B172A0DBA008B81E3 /* ImageIO.framework in Frameworks */,
				9282810E17297E8A004AAA13 /* MessageUI.framework in Frameworks */,
				928280B417286A9D004AAA13 /* QuartzCore.framework in Frameworks */,
				92828075172860C7004AAA13 /* UIKit.framework in Frameworks */,
				92828077172860C7004AAA13 /* Foundation.framework in Frameworks */,
				92828079172860C7004AAA13 /* CoreGraphics.framework in Frameworks */,
			);
			runOnlyForDeploymentPostprocessing = 0;
		};
/* End PBXFrameworksBuildPhase section */

/* Begin PBXGroup section */
		925E1E6E172A18CF008B81E3 /* Apps */ = {
			isa = PBXGroup;
			children = (
				925E1F56172B78C4008B81E3 /* Apps List */,
				925E1F55172B789D008B81E3 /* Weather */,
				925E1F5A172B78DA008B81E3 /* Flashlight */,
			);
			name = Apps;
			sourceTree = "<group>";
		};
		925E1EB6172AD6A0008B81E3 /* ACWeather */ = {
			isa = PBXGroup;
			children = (
				925E1EB7172AD6A0008B81E3 /* ACWeather.h */,
				925E1EB8172AD6A0008B81E3 /* ACWeather.m */,
				925E1F6B172C40B7008B81E3 /* Alert.h */,
				925E1F6C172C40B7008B81E3 /* Alert.m */,
				925E1F6D172C40B7008B81E3 /* Datum.h */,
				925E1F6E172C40B7008B81E3 /* Datum.m */,
				925E1F6F172C40B7008B81E3 /* Weather.h */,
				925E1F70172C40B7008B81E3 /* Weather.m */,
				925E1F71172C40B7008B81E3 /* WeatherCurrently.h */,
				925E1F72172C40B7008B81E3 /* WeatherCurrently.m */,
				925E1F73172C40B7008B81E3 /* WeatherDaily.h */,
				925E1F74172C40B7008B81E3 /* WeatherDaily.m */,
				925E1F75172C40B7008B81E3 /* WeatherFlags.h */,
				925E1F76172C40B7008B81E3 /* WeatherFlags.m */,
				925E1F77172C40B7008B81E3 /* WeatherHourly.h */,
				925E1F78172C40B7008B81E3 /* WeatherHourly.m */,
				925E1F79172C40B7008B81E3 /* WeatherMinutely.h */,
				925E1F7A172C40B7008B81E3 /* WeatherMinutely.m */,
			);
			path = ACWeather;
			sourceTree = "<group>";
		};
		925E1EC0172AE85B008B81E3 /* ACExtentions */ = {
			isa = PBXGroup;
			children = (
				925E1EBD172AE85A008B81E3 /* CLPlacemark+ACExtentions.h */,
				925E1EBE172AE85A008B81E3 /* CLPlacemark+ACExtentions.m */,
			);
			name = ACExtentions;
			path = ..;
			sourceTree = "<group>";
		};
		925E1F55172B789D008B81E3 /* Weather */ = {
			isa = PBXGroup;
			children = (
				925E1E78172A4C1D008B81E3 /* ACWeatherViewController.h */,
				925E1E79172A4C1D008B81E3 /* ACWeatherViewController.m */,
				925E1E7B172A4C7B008B81E3 /* ACCurrentCell.h */,
				925E1E7C172A4C7B008B81E3 /* ACCurrentCell.m */,
				925E1E7E172A4C8D008B81E3 /* ACForecastCell.h */,
				925E1E7F172A4C8D008B81E3 /* ACForecastCell.m */,
			);
			name = Weather;
			sourceTree = "<group>";
		};
		925E1F56172B78C4008B81E3 /* Apps List */ = {
			isa = PBXGroup;
			children = (
				925E1E6B172A18BE008B81E3 /* ACAppsViewController.h */,
				925E1E6C172A18BE008B81E3 /* ACAppsViewController.m */,
			);
			name = "Apps List";
			sourceTree = "<group>";
		};
		925E1F5A172B78DA008B81E3 /* Flashlight */ = {
			isa = PBXGroup;
			children = (
				925E1F57172B78D7008B81E3 /* ACFlashlightViewController.h */,
				925E1F58172B78D7008B81E3 /* ACFlashlightViewController.m */,
			);
			name = Flashlight;
			sourceTree = "<group>";
		};
		925E1F83172C4A58008B81E3 /* ACTorch */ = {
			isa = PBXGroup;
			children = (
				925E1F84172C4A59008B81E3 /* ACTorch.h */,
				925E1F85172C4A59008B81E3 /* ACTorch.m */,
			);
			path = ACTorch;
			sourceTree = "<group>";
		};
		92732F6A172CA31D00806645 /* Designs */ = {
			isa = PBXGroup;
			children = (
				92732F67172CA31B00806645 /* ACDesignsViewController.h */,
				92732F68172CA31B00806645 /* ACDesignsViewController.m */,
				92732F6B172CFAB600806645 /* ACDesignsCell.h */,
				92732F6C172CFAB600806645 /* ACDesignsCell.m */,
			);
			name = Designs;
			sourceTree = "<group>";
		};
		92732FBD172DCF8600806645 /* WWDC */ = {
			isa = PBXGroup;
			children = (
				92732FBA172DCF4500806645 /* ACWWDCViewController.h */,
				92732FBB172DCF4500806645 /* ACWWDCViewController.m */,
			);
			name = WWDC;
			sourceTree = "<group>";
		};
		92732FC2172E0BA600806645 /* Images */ = {
			isa = PBXGroup;
			children = (
				92732FC3172E0BA600806645 /* About */,
				92732FCF172E0BA600806645 /* Apps */,
				92732FD3172E0BA600806645 /* Defaults */,
				92732FD7172E0BA600806645 /* Designs */,
				92732FE0172E0BA600806645 /* Flashlight */,
				92732FE7172E0BA600806645 /* Icon */,
				92732FE9172E0BA600806645 /* Main */,
				92732FEF172E0BA600806645 /* Timeline */,
				92732FF6172E0BA600806645 /* Weather */,
				92733014172E0BA600806645 /* WWDC */,
			);
			path = Images;
			sourceTree = "<group>";
		};
		92732FC3172E0BA600806645 /* About */ = {
			isa = PBXGroup;
			children = (
				92732FC4172E0BA600806645 /* about_anthony@2x.png */,
				92732FC5172E0BA600806645 /* about_back_button_highlighted@2x.png */,
				92732FC6172E0BA600806645 /* about_back_button_normal@2x.png */,
				92732FC7172E0BA600806645 /* about_background@2x.png */,
				92732FC8172E0BA600806645 /* about_navbar@2x.png */,
				92732FC9172E0BA600806645 /* appdotnet@2x.png */,
				92732FCA172E0BA600806645 /* dribbble@2x.png */,
				92732FCB172E0BA600806645 /* email@2x.png */,
				92732FCC172E0BA600806645 /* emerys@2x.png */,
				92732FCD172E0BA600806645 /* github@2x.png */,
				92732FCE172E0BA600806645 /* twitter@2x.png */,
			);
			path = About;
			sourceTree = "<group>";
		};
		92732FCF172E0BA600806645 /* Apps */ = {
			isa = PBXGroup;
			children = (
				92732FD0172E0BA600806645 /* apps@2x.png */,
				92732FD1172E0BA600806645 /* apps_flashlight@2x.png */,
				92732FD2172E0BA600806645 /* apps_weather@2x.png */,
			);
			path = Apps;
			sourceTree = "<group>";
		};
		92732FD3172E0BA600806645 /* Defaults */ = {
			isa = PBXGroup;
			children = (
				92732FD4172E0BA600806645 /* Default-568h@2x.png */,
				92732FD5172E0BA600806645 /* Default.png */,
				92732FD6172E0BA600806645 /* Default@2x.png */,
			);
			path = Defaults;
			sourceTree = "<group>";
		};
		92732FD7172E0BA600806645 /* Designs */ = {
			isa = PBXGroup;
			children = (
				92732FD8172E0BA600806645 /* designs@2x.png */,
				92732FD9172E0BA600806645 /* designs_cumulus@2x.png */,
				92732FDA172E0BA600806645 /* designs_luminous@2x.png */,
				92732FDB172E0BA600806645 /* designs_macbook_pro@2x.png */,
				92732FDC172E0BA600806645 /* designs_mail@2x.png */,
				92732FDD172E0BA600806645 /* designs_music_icon@2x.png */,
				92732FDE172E0BA600806645 /* designs_preview_border@2x.png */,
				92732FDF172E0BA600806645 /* designs_vegemite@2x.png */,
			);
			path = Designs;
			sourceTree = "<group>";
		};
		92732FE0172E0BA600806645 /* Flashlight */ = {
			isa = PBXGroup;
			children = (
				92732FE1172E0BA600806645 /* flashlight@2x.png */,
				92732FE2172E0BA600806645 /* flashlight_torch_button_off@2x.png */,
				92732FE3172E0BA600806645 /* flashlight_torch_button_on@2x.png */,
				92732FE4172E0BA600806645 /* flashlight_torch_ring_one@2x.png */,
				92732FE5172E0BA600806645 /* flashlight_torch_ring_three@2x.png */,
				92732FE6172E0BA600806645 /* flashlight_torch_ring_two@2x.png */,
			);
			path = Flashlight;
			sourceTree = "<group>";
		};
		92732FE7172E0BA600806645 /* Icon */ = {
			isa = PBXGroup;
			children = (
				92732FE8172E0BA600806645 /* icon@2x.png */,
			);
			path = Icon;
			sourceTree = "<group>";
		};
		92732FE9172E0BA600806645 /* Main */ = {
			isa = PBXGroup;
			children = (
				92732FEA172E0BA600806645 /* about_button@2x.png */,
				92732FEB172E0BA600806645 /* apps_button@2x.png */,
				92732FEC172E0BA600806645 /* designs_button@2x.png */,
				92732FED172E0BA600806645 /* timeline_button@2x.png */,
				92732FEE172E0BA600806645 /* wwdc_button@2x.png */,
			);
			path = Main;
			sourceTree = "<group>";
		};
		92732FEF172E0BA600806645 /* Timeline */ = {
			isa = PBXGroup;
			children = (
				92732FF0172E0BA600806645 /* timeline@2x.png */,
				92732FF1172E0BA600806645 /* timelines_background@2x.png */,
				92732FF2172E0BA600806645 /* timelines_dimonds@2x.png */,
				92732FF3172E0BA600806645 /* timelines_info@2x.png */,
				92732FF4172E0BA600806645 /* timelines_lines@2x.png */,
				92732FF5172E0BA600806645 /* timelines_types@2x.png */,
			);
			path = Timeline;
			sourceTree = "<group>";
		};
		92732FF6172E0BA600806645 /* Weather */ = {
			isa = PBXGroup;
			children = (
				92732FF7172E0BA600806645 /* weather@2x.png */,
				92732FF8172E0BA600806645 /* weather_clear@2x.png */,
				92732FF9172E0BA600806645 /* weather_clear_night@2x.png */,
				92732FFA172E0BA600806645 /* weather_clear_night_small@2x.png */,
				92732FFB172E0BA600806645 /* weather_clear_small@2x.png */,
				92732FFC172E0BA600806645 /* weather_cloudy@2x.png */,
				92732FFD172E0BA600806645 /* weather_cloudy_small@2x.png */,
				92732FFE172E0BA600806645 /* weather_current_blue@2x.png */,
				92732FFF172E0BA600806645 /* weather_current_green@2x.png */,
				92733000172E0BA600806645 /* weather_current_orange@2x.png */,
				92733001172E0BA600806645 /* weather_current_yellow@2x.png */,
				92733002172E0BA600806645 /* weather_forecast_blue@2x.png */,
				92733003172E0BA600806645 /* weather_forecast_green@2x.png */,
				92733004172E0BA600806645 /* weather_forecast_orange@2x.png */,
				92733005172E0BA600806645 /* weather_forecast_yellow@2x.png */,
				92733006172E0BA600806645 /* weather_overcast@2x.png */,
				92733007172E0BA600806645 /* weather_overcast_small@2x.png */,
				92733008172E0BA600806645 /* weather_partly_cloudy@2x.png */,
				92733009172E0BA600806645 /* weather_partly_cloudy_night@2x.png */,
				9273300A172E0BA600806645 /* weather_partly_cloudy_night_small@2x.png */,
				9273300B172E0BA600806645 /* weather_partly_cloudy_small@2x.png */,
				9273300C172E0BA600806645 /* weather_rain_small@2x.png */,
				9273300D172E0BA600806645 /* weather_rainy@2x.png */,
				9273300E172E0BA600806645 /* weather_snow_small@2x.png */,
				9273300F172E0BA600806645 /* weather_snowy@2x.png */,
				92733010172E0BA600806645 /* weather_thunder_storm@2x.png */,
				92733011172E0BA600806645 /* weather_thunder_storm_small@2x.png */,
				92733012172E0BA600806645 /* weather_unknown@2x.png */,
				92733013172E0BA600806645 /* weather_unknown_small@2x.png */,
			);
			path = Weather;
			sourceTree = "<group>";
		};
		92733014172E0BA600806645 /* WWDC */ = {
			isa = PBXGroup;
			children = (
				92011B2E172EDC7A00FDCB9C /* wwdc@2x.png */,
			);
			path = WWDC;
			sourceTree = "<group>";
		};
		92828068172860C6004AAA13 = {
			isa = PBXGroup;
			children = (
				9282807A172860C7004AAA13 /* Anthony */,
				92828073172860C6004AAA13 /* Frameworks */,
				92828072172860C6004AAA13 /* Products */,
			);
			sourceTree = "<group>";
		};
		92828072172860C6004AAA13 /* Products */ = {
			isa = PBXGroup;
			children = (
				92828071172860C6004AAA13 /* Anthony.app */,
			);
			name = Products;
			sourceTree = "<group>";
		};
		92828073172860C6004AAA13 /* Frameworks */ = {
			isa = PBXGroup;
			children = (
				925E1F87172C8E61008B81E3 /* AVFoundation.framework */,
				925E1E83172A4E86008B81E3 /* CoreLocation.framework */,
				925E1E81172A4E82008B81E3 /* AddressBook.framework */,
				925E1E58172A0DB9008B81E3 /* CoreImage.framework */,
				925E1E59172A0DB9008B81E3 /* ImageIO.framework */,
				9282810D17297E8A004AAA13 /* MessageUI.framework */,
				928280B317286A9D004AAA13 /* QuartzCore.framework */,
				92828074172860C6004AAA13 /* UIKit.framework */,
				92828076172860C7004AAA13 /* Foundation.framework */,
				92828078172860C7004AAA13 /* CoreGraphics.framework */,
			);
			name = Frameworks;
			sourceTree = "<group>";
		};
		9282807A172860C7004AAA13 /* Anthony */ = {
			isa = PBXGroup;
			children = (
				92828083172860C7004AAA13 /* ACAppDelegate.h */,
				92828084172860C7004AAA13 /* ACAppDelegate.m */,
				9282808C172860C7004AAA13 /* MainStoryboard.storyboard */,
				928280B817289110004AAA13 /* Main View Controller */,
				928280BC1728926A004AAA13 /* About */,
				9282810A1728E0AF004AAA13 /* Timeline */,
				925E1E6E172A18CF008B81E3 /* Apps */,
				92732F6A172CA31D00806645 /* Designs */,
				92732FBD172DCF8600806645 /* WWDC */,
				928280971728628B004AAA13 /* Internal Classes */,
				9282807B172860C7004AAA13 /* Supporting Files */,
			);
			path = Anthony;
			sourceTree = "<group>";
		};
		9282807B172860C7004AAA13 /* Supporting Files */ = {
			isa = PBXGroup;
			children = (
				928280BD1728AA4A004AAA13 /* Resources */,
				9282807C172860C7004AAA13 /* Anthony-Info.plist */,
				9282807D172860C7004AAA13 /* InfoPlist.strings */,
				92828080172860C7004AAA13 /* main.m */,
				92828082172860C7004AAA13 /* Anthony-Prefix.pch */,
			);
			name = "Supporting Files";
			sourceTree = "<group>";
		};
		928280971728628B004AAA13 /* Internal Classes */ = {
			isa = PBXGroup;
			children = (
				925E1F83172C4A58008B81E3 /* ACTorch */,
				925E1EC0172AE85B008B81E3 /* ACExtentions */,
				925E1EB6172AD6A0008B81E3 /* ACWeather */,
				928280EC1728D53C004AAA13 /* ACAlertView */,
				928280AF172869E7004AAA13 /* ACBlocks */,
				928280981728628B004AAA13 /* ACBounceAnimation */,
				9282809B1728628B004AAA13 /* ACPopupViewController */,
			);
			path = "Internal Classes";
			sourceTree = "<group>";
		};
		928280981728628B004AAA13 /* ACBounceAnimation */ = {
			isa = PBXGroup;
			children = (
				928280991728628B004AAA13 /* ACBounceAnimation.h */,
				9282809A1728628B004AAA13 /* ACBounceAnimation.m */,
			);
			path = ACBounceAnimation;
			sourceTree = "<group>";
		};
		9282809B1728628B004AAA13 /* ACPopupViewController */ = {
			isa = PBXGroup;
			children = (
				9282809C1728628B004AAA13 /* ACPopupBackgroundView.h */,
				9282809D1728628B004AAA13 /* ACPopupBackgroundView.m */,
				9282809E1728628B004AAA13 /* UIViewController+ACPopupViewController.h */,
				9282809F1728628B004AAA13 /* UIViewController+ACPopupViewController.m */,
			);
			path = ACPopupViewController;
			sourceTree = "<group>";
		};
		928280AF172869E7004AAA13 /* ACBlocks */ = {
			isa = PBXGroup;
			children = (
				928280B0172869E7004AAA13 /* NSObject+PerformBlock.h */,
				928280B1172869E7004AAA13 /* NSObject+PerformBlock.m */,
			);
			path = ACBlocks;
			sourceTree = "<group>";
		};
		928280B817289110004AAA13 /* Main View Controller */ = {
			isa = PBXGroup;
			children = (
				928280D71728AA72004AAA13 /* ACViewController.h */,
				928280D81728AA72004AAA13 /* ACViewController.m */,
				928280D41728AA6A004AAA13 /* ACTableViewCell.h */,
				928280D51728AA6A004AAA13 /* ACTableViewCell.m */,
			);
			name = "Main View Controller";
			sourceTree = "<group>";
		};
		928280BC1728926A004AAA13 /* About */ = {
			isa = PBXGroup;
			children = (
				928280B917289268004AAA13 /* ACAboutViewController.h */,
				928280BA17289268004AAA13 /* ACAboutViewController.m */,
			);
			name = About;
			sourceTree = "<group>";
		};
		928280BD1728AA4A004AAA13 /* Resources */ = {
			isa = PBXGroup;
			children = (
				92732FC2172E0BA600806645 /* Images */,
			);
			path = Resources;
			sourceTree = "<group>";
		};
		928280EC1728D53C004AAA13 /* ACAlertView */ = {
			isa = PBXGroup;
			children = (
				928280ED1728D53C004AAA13 /* ACAlertView.h */,
				928280EE1728D53C004AAA13 /* ACAlertView.m */,
				928280EF1728D53C004AAA13 /* Images */,
			);
			path = ACAlertView;
			sourceTree = "<group>";
		};
		928280EF1728D53C004AAA13 /* Images */ = {
			isa = PBXGroup;
			children = (
				928280F01728D53C004AAA13 /* acAlertView_defaultBackground_alphaOnly.png */,
				928280F11728D53C004AAA13 /* acAlertView_defaultBackground_alphaOnly@2x.png */,
				928280F21728D53C004AAA13 /* acAlertView_defaultBackground_overlay.png */,
				928280F31728D53C004AAA13 /* acAlertView_defaultBackground_overlay@2x.png */,
				928280F41728D53C004AAA13 /* acAlertView_gradientShadowOverlay_iPhone.png */,
				928280F51728D53C004AAA13 /* acAlertView_iOS_cancelButton_normal.png */,
				928280F61728D53C004AAA13 /* acAlertView_iOS_cancelButton_normal@2x.png */,
				928280F71728D53C004AAA13 /* acAlertView_iOS_okayButton_normal.png */,
				928280F81728D53C004AAA13 /* acAlertView_iOS_okayButton_normal@2x.png */,
				928280F91728D53C004AAA13 /* acAlertView_iOS_okayCancelButton_highlighted.png */,
				928280FA1728D53C004AAA13 /* acAlertView_iOS_okayCancelButton_highlighted@2x.png */,
			);
			path = Images;
			sourceTree = "<group>";
		};
		9282810A1728E0AF004AAA13 /* Timeline */ = {
			isa = PBXGroup;
			children = (
				928281071728E0AD004AAA13 /* ACTimelineViewController.h */,
				928281081728E0AD004AAA13 /* ACTimelineViewController.m */,
				925E1E351729EE1F008B81E3 /* ACTimelineCell.h */,
				925E1E361729EE1F008B81E3 /* ACTimelineCell.m */,
			);
			name = Timeline;
			sourceTree = "<group>";
		};
/* End PBXGroup section */

/* Begin PBXNativeTarget section */
		92828070172860C6004AAA13 /* Anthony */ = {
			isa = PBXNativeTarget;
			buildConfigurationList = 92828094172860C7004AAA13 /* Build configuration list for PBXNativeTarget "Anthony" */;
			buildPhases = (
				9282806D172860C6004AAA13 /* Sources */,
				9282806E172860C6004AAA13 /* Frameworks */,
				9282806F172860C6004AAA13 /* Resources */,
			);
			buildRules = (
			);
			dependencies = (
			);
			name = Anthony;
			productName = Anthony;
			productReference = 92828071172860C6004AAA13 /* Anthony.app */;
			productType = "com.apple.product-type.application";
		};
/* End PBXNativeTarget section */

/* Begin PBXProject section */
		92828069172860C6004AAA13 /* Project object */ = {
			isa = PBXProject;
			attributes = {
				CLASSPREFIX = AC;
				LastUpgradeCheck = 0460;
				ORGANIZATIONNAME = Emerys;
			};
			buildConfigurationList = 9282806C172860C6004AAA13 /* Build configuration list for PBXProject "Anthony" */;
			compatibilityVersion = "Xcode 3.2";
			developmentRegion = English;
			hasScannedForEncodings = 0;
			knownRegions = (
				en,
			);
			mainGroup = 92828068172860C6004AAA13;
			productRefGroup = 92828072172860C6004AAA13 /* Products */;
			projectDirPath = "";
			projectRoot = "";
			targets = (
				92828070172860C6004AAA13 /* Anthony */,
			);
		};
/* End PBXProject section */

/* Begin PBXResourcesBuildPhase section */
		9282806F172860C6004AAA13 /* Resources */ = {
			isa = PBXResourcesBuildPhase;
			buildActionMask = 2147483647;
			files = (
				9282807F172860C7004AAA13 /* InfoPlist.strings in Resources */,
				9282808E172860C7004AAA13 /* MainStoryboard.storyboard in Resources */,
				928280FC1728D53C004AAA13 /* acAlertView_defaultBackground_alphaOnly.png in Resources */,
				928280FD1728D53C004AAA13 /* acAlertView_defaultBackground_alphaOnly@2x.png in Resources */,
				928280FE1728D53C004AAA13 /* acAlertView_defaultBackground_overlay.png in Resources */,
				928280FF1728D53C004AAA13 /* acAlertView_defaultBackground_overlay@2x.png in Resources */,
				928281001728D53C004AAA13 /* acAlertView_gradientShadowOverlay_iPhone.png in Resources */,
				928281011728D53C004AAA13 /* acAlertView_iOS_cancelButton_normal.png in Resources */,
				928281021728D53C004AAA13 /* acAlertView_iOS_cancelButton_normal@2x.png in Resources */,
				928281031728D53C004AAA13 /* acAlertView_iOS_okayButton_normal.png in Resources */,
				928281041728D53C004AAA13 /* acAlertView_iOS_okayButton_normal@2x.png in Resources */,
				928281051728D53C004AAA13 /* acAlertView_iOS_okayCancelButton_highlighted.png in Resources */,
				928281061728D53C004AAA13 /* acAlertView_iOS_okayCancelButton_highlighted@2x.png in Resources */,
				92733015172E0BA600806645 /* about_anthony@2x.png in Resources */,
				92733016172E0BA600806645 /* about_back_button_highlighted@2x.png in Resources */,
				92733017172E0BA600806645 /* about_back_button_normal@2x.png in Resources */,
				92733018172E0BA600806645 /* about_background@2x.png in Resources */,
				92733019172E0BA600806645 /* about_navbar@2x.png in Resources */,
				9273301A172E0BA600806645 /* appdotnet@2x.png in Resources */,
				9273301B172E0BA600806645 /* dribbble@2x.png in Resources */,
				9273301C172E0BA600806645 /* email@2x.png in Resources */,
				9273301D172E0BA600806645 /* emerys@2x.png in Resources */,
				9273301E172E0BA600806645 /* github@2x.png in Resources */,
				9273301F172E0BA600806645 /* twitter@2x.png in Resources */,
				92733020172E0BA600806645 /* apps@2x.png in Resources */,
				92733021172E0BA600806645 /* apps_flashlight@2x.png in Resources */,
				92733022172E0BA600806645 /* apps_weather@2x.png in Resources */,
				92733023172E0BA600806645 /* Default-568h@2x.png in Resources */,
				92733024172E0BA600806645 /* Default.png in Resources */,
				92733025172E0BA600806645 /* Default@2x.png in Resources */,
				92733026172E0BA600806645 /* designs@2x.png in Resources */,
				92733027172E0BA600806645 /* designs_cumulus@2x.png in Resources */,
				92733028172E0BA600806645 /* designs_luminous@2x.png in Resources */,
				92733029172E0BA600806645 /* designs_macbook_pro@2x.png in Resources */,
				9273302A172E0BA600806645 /* designs_mail@2x.png in Resources */,
				9273302B172E0BA600806645 /* designs_music_icon@2x.png in Resources */,
				9273302C172E0BA600806645 /* designs_preview_border@2x.png in Resources */,
				9273302D172E0BA600806645 /* designs_vegemite@2x.png in Resources */,
				9273302E172E0BA600806645 /* flashlight@2x.png in Resources */,
				9273302F172E0BA600806645 /* flashlight_torch_button_off@2x.png in Resources */,
				92733030172E0BA600806645 /* flashlight_torch_button_on@2x.png in Resources */,
				92733031172E0BA600806645 /* flashlight_torch_ring_one@2x.png in Resources */,
				92733032172E0BA600806645 /* flashlight_torch_ring_three@2x.png in Resources */,
				92733033172E0BA600806645 /* flashlight_torch_ring_two@2x.png in Resources */,
				92733034172E0BA600806645 /* icon@2x.png in Resources */,
				92733035172E0BA600806645 /* about_button@2x.png in Resources */,
				92733036172E0BA600806645 /* apps_button@2x.png in Resources */,
				92733037172E0BA600806645 /* designs_button@2x.png in Resources */,
				92733038172E0BA600806645 /* timeline_button@2x.png in Resources */,
				92733039172E0BA600806645 /* wwdc_button@2x.png in Resources */,
				9273303A172E0BA600806645 /* timeline@2x.png in Resources */,
				9273303B172E0BA600806645 /* timelines_background@2x.png in Resources */,
				9273303C172E0BA600806645 /* timelines_dimonds@2x.png in Resources */,
				9273303D172E0BA600806645 /* timelines_info@2x.png in Resources */,
				9273303E172E0BA600806645 /* timelines_lines@2x.png in Resources */,
				9273303F172E0BA600806645 /* timelines_types@2x.png in Resources */,
				92733040172E0BA600806645 /* weather@2x.png in Resources */,
				92733041172E0BA600806645 /* weather_clear@2x.png in Resources */,
				92733042172E0BA600806645 /* weather_clear_night@2x.png in Resources */,
				92733043172E0BA600806645 /* weather_clear_night_small@2x.png in Resources */,
				92733044172E0BA600806645 /* weather_clear_small@2x.png in Resources */,
				92733045172E0BA600806645 /* weather_cloudy@2x.png in Resources */,
				92733046172E0BA600806645 /* weather_cloudy_small@2x.png in Resources */,
				92733047172E0BA600806645 /* weather_current_blue@2x.png in Resources */,
				92733048172E0BA600806645 /* weather_current_green@2x.png in Resources */,
				92733049172E0BA600806645 /* weather_current_orange@2x.png in Resources */,
				9273304A172E0BA600806645 /* weather_current_yellow@2x.png in Resources */,
				9273304B172E0BA600806645 /* weather_forecast_blue@2x.png in Resources */,
				9273304C172E0BA600806645 /* weather_forecast_green@2x.png in Resources */,
				9273304D172E0BA600806645 /* weather_forecast_orange@2x.png in Resources */,
				9273304E172E0BA600806645 /* weather_forecast_yellow@2x.png in Resources */,
				9273304F172E0BA600806645 /* weather_overcast@2x.png in Resources */,
				92733050172E0BA600806645 /* weather_overcast_small@2x.png in Resources */,
				92733051172E0BA600806645 /* weather_partly_cloudy@2x.png in Resources */,
				92733052172E0BA600806645 /* weather_partly_cloudy_night@2x.png in Resources */,
				92733053172E0BA600806645 /* weather_partly_cloudy_night_small@2x.png in Resources */,
				92733054172E0BA600806645 /* weather_partly_cloudy_small@2x.png in Resources */,
				92733055172E0BA600806645 /* weather_rain_small@2x.png in Resources */,
				92733056172E0BA600806645 /* weather_rainy@2x.png in Resources */,
				92733057172E0BA600806645 /* weather_snow_small@2x.png in Resources */,
				92733058172E0BA600806645 /* weather_snowy@2x.png in Resources */,
				92733059172E0BA600806645 /* weather_thunder_storm@2x.png in Resources */,
				9273305A172E0BA600806645 /* weather_thunder_storm_small@2x.png in Resources */,
				9273305B172E0BA600806645 /* weather_unknown@2x.png in Resources */,
				9273305C172E0BA600806645 /* weather_unknown_small@2x.png in Resources */,
				92011B2F172EDC7A00FDCB9C /* wwdc@2x.png in Resources */,
			);
			runOnlyForDeploymentPostprocessing = 0;
		};
/* End PBXResourcesBuildPhase section */

/* Begin PBXSourcesBuildPhase section */
		9282806D172860C6004AAA13 /* Sources */ = {
			isa = PBXSourcesBuildPhase;
			buildActionMask = 2147483647;
			files = (
				92828081172860C7004AAA13 /* main.m in Sources */,
				92828085172860C7004AAA13 /* ACAppDelegate.m in Sources */,
				928280A01728628B004AAA13 /* ACBounceAnimation.m in Sources */,
				928280A11728628B004AAA13 /* ACPopupBackgroundView.m in Sources */,
				928280A21728628B004AAA13 /* UIViewController+ACPopupViewController.m in Sources */,
				928280B2172869E7004AAA13 /* NSObject+PerformBlock.m in Sources */,
				928280BB17289268004AAA13 /* ACAboutViewController.m in Sources */,
				928280D61728AA6A004AAA13 /* ACTableViewCell.m in Sources */,
				928280D91728AA72004AAA13 /* ACViewController.m in Sources */,
				928280FB1728D53C004AAA13 /* ACAlertView.m in Sources */,
				928281091728E0AD004AAA13 /* ACTimelineViewController.m in Sources */,
				925E1E371729EE1F008B81E3 /* ACTimelineCell.m in Sources */,
				925E1E6D172A18BE008B81E3 /* ACAppsViewController.m in Sources */,
				925E1E7A172A4C1D008B81E3 /* ACWeatherViewController.m in Sources */,
				925E1E7D172A4C7B008B81E3 /* ACCurrentCell.m in Sources */,
				925E1E80172A4C8D008B81E3 /* ACForecastCell.m in Sources */,
				925E1EB9172AD6A0008B81E3 /* ACWeather.m in Sources */,
				925E1EBF172AE85A008B81E3 /* CLPlacemark+ACExtentions.m in Sources */,
				925E1F59172B78D7008B81E3 /* ACFlashlightViewController.m in Sources */,
				925E1F7B172C40B7008B81E3 /* Alert.m in Sources */,
				925E1F7C172C40B7008B81E3 /* Datum.m in Sources */,
				925E1F7D172C40B7008B81E3 /* Weather.m in Sources */,
				925E1F7E172C40B7008B81E3 /* WeatherCurrently.m in Sources */,
				925E1F7F172C40B7008B81E3 /* WeatherDaily.m in Sources */,
				925E1F80172C40B7008B81E3 /* WeatherFlags.m in Sources */,
				925E1F81172C40B7008B81E3 /* WeatherHourly.m in Sources */,
				925E1F82172C40B7008B81E3 /* WeatherMinutely.m in Sources */,
				925E1F86172C4A59008B81E3 /* ACTorch.m in Sources */,
				92732F69172CA31B00806645 /* ACDesignsViewController.m in Sources */,
				92732F6D172CFAB600806645 /* ACDesignsCell.m in Sources */,
				92732FBC172DCF4500806645 /* ACWWDCViewController.m in Sources */,
			);
			runOnlyForDeploymentPostprocessing = 0;
		};
/* End PBXSourcesBuildPhase section */

/* Begin PBXVariantGroup section */
		9282807D172860C7004AAA13 /* InfoPlist.strings */ = {
			isa = PBXVariantGroup;
			children = (
				9282807E172860C7004AAA13 /* en */,
			);
			name = InfoPlist.strings;
			sourceTree = "<group>";
		};
		9282808C172860C7004AAA13 /* MainStoryboard.storyboard */ = {
			isa = PBXVariantGroup;
			children = (
				9282808D172860C7004AAA13 /* en */,
			);
			name = MainStoryboard.storyboard;
			sourceTree = "<group>";
		};
/* End PBXVariantGroup section */

/* Begin XCBuildConfiguration section */
		92828092172860C7004AAA13 /* Debug */ = {
			isa = XCBuildConfiguration;
			buildSettings = {
				ALWAYS_SEARCH_USER_PATHS = NO;
				CLANG_CXX_LANGUAGE_STANDARD = "gnu++0x";
				CLANG_CXX_LIBRARY = "libc++";
				CLANG_ENABLE_OBJC_ARC = YES;
				CLANG_WARN_CONSTANT_CONVERSION = YES;
				CLANG_WARN_EMPTY_BODY = YES;
				CLANG_WARN_ENUM_CONVERSION = YES;
				CLANG_WARN_INT_CONVERSION = YES;
				CLANG_WARN__DUPLICATE_METHOD_MATCH = YES;
				"CODE_SIGN_IDENTITY[sdk=iphoneos*]" = "iPhone Developer";
				COPY_PHASE_STRIP = NO;
				GCC_C_LANGUAGE_STANDARD = gnu99;
				GCC_DYNAMIC_NO_PIC = NO;
				GCC_OPTIMIZATION_LEVEL = 0;
				GCC_PREPROCESSOR_DEFINITIONS = (
					"DEBUG=1",
					"$(inherited)",
				);
				GCC_SYMBOLS_PRIVATE_EXTERN = NO;
				GCC_WARN_ABOUT_RETURN_TYPE = YES;
				GCC_WARN_UNINITIALIZED_AUTOS = YES;
				GCC_WARN_UNUSED_VARIABLE = YES;
				IPHONEOS_DEPLOYMENT_TARGET = 6.1;
				ONLY_ACTIVE_ARCH = YES;
				SDKROOT = iphoneos;
			};
			name = Debug;
		};
		92828093172860C7004AAA13 /* Release */ = {
			isa = XCBuildConfiguration;
			buildSettings = {
				ALWAYS_SEARCH_USER_PATHS = NO;
				CLANG_CXX_LANGUAGE_STANDARD = "gnu++0x";
				CLANG_CXX_LIBRARY = "libc++";
				CLANG_ENABLE_OBJC_ARC = YES;
				CLANG_WARN_CONSTANT_CONVERSION = YES;
				CLANG_WARN_EMPTY_BODY = YES;
				CLANG_WARN_ENUM_CONVERSION = YES;
				CLANG_WARN_INT_CONVERSION = YES;
				CLANG_WARN__DUPLICATE_METHOD_MATCH = YES;
				"CODE_SIGN_IDENTITY[sdk=iphoneos*]" = "iPhone Developer";
				COPY_PHASE_STRIP = YES;
				GCC_C_LANGUAGE_STANDARD = gnu99;
				GCC_WARN_ABOUT_RETURN_TYPE = YES;
				GCC_WARN_UNINITIALIZED_AUTOS = YES;
				GCC_WARN_UNUSED_VARIABLE = YES;
				IPHONEOS_DEPLOYMENT_TARGET = 6.1;
				OTHER_CFLAGS = "-DNS_BLOCK_ASSERTIONS=1";
				SDKROOT = iphoneos;
				VALIDATE_PRODUCT = YES;
			};
			name = Release;
		};
		92828095172860C7004AAA13 /* Debug */ = {
			isa = XCBuildConfiguration;
			buildSettings = {
				GCC_PRECOMPILE_PREFIX_HEADER = YES;
				GCC_PREFIX_HEADER = "Anthony/Anthony-Prefix.pch";
				INFOPLIST_FILE = "Anthony/Anthony-Info.plist";
				PRODUCT_NAME = "$(TARGET_NAME)";
				WRAPPER_EXTENSION = app;
			};
			name = Debug;
		};
		92828096172860C7004AAA13 /* Release */ = {
			isa = XCBuildConfiguration;
			buildSettings = {
				CODE_SIGN_IDENTITY = "iPhone Distribution";
				"CODE_SIGN_IDENTITY[sdk=iphoneos*]" = "iPhone Distribution";
				GCC_PRECOMPILE_PREFIX_HEADER = YES;
				GCC_PREFIX_HEADER = "Anthony/Anthony-Prefix.pch";
				INFOPLIST_FILE = "Anthony/Anthony-Info.plist";
				PRODUCT_NAME = "$(TARGET_NAME)";
				PROVISIONING_PROFILE = "";
				"PROVISIONING_PROFILE[sdk=iphoneos*]" = "";
				WRAPPER_EXTENSION = app;
			};
			name = Release;
		};
/* End XCBuildConfiguration section */

/* Begin XCConfigurationList section */
		9282806C172860C6004AAA13 /* Build configuration list for PBXProject "Anthony" */ = {
			isa = XCConfigurationList;
			buildConfigurations = (
				92828092172860C7004AAA13 /* Debug */,
				92828093172860C7004AAA13 /* Release */,
			);
			defaultConfigurationIsVisible = 0;
			defaultConfigurationName = Release;
		};
		92828094172860C7004AAA13 /* Build configuration list for PBXNativeTarget "Anthony" */ = {
			isa = XCConfigurationList;
			buildConfigurations = (
				92828095172860C7004AAA13 /* Debug */,
				92828096172860C7004AAA13 /* Release */,
			);
			defaultConfigurationIsVisible = 0;
			defaultConfigurationName = Release;
		};
/* End XCConfigurationList section */
	};
	rootObject = 92828069172860C6004AAA13 /* Project object */;
}
